# This file is automatically @generated by Cargo.
# It is not intended for manual editing.
version = 3

[[package]]
name = "addr2line"
version = "0.17.0"
source = "registry+https://github.com/rust-lang/crates.io-index"
checksum = "b9ecd88a8c8378ca913a680cd98f0f13ac67383d35993f86c90a70e3f137816b"
dependencies = [
 "gimli",
]

[[package]]
name = "adler"
version = "1.0.2"
source = "registry+https://github.com/rust-lang/crates.io-index"
checksum = "f26201604c87b1e01bd3d98f8d5d9a8fcbb815e8cedb41ffccbeb4bf593a35fe"

[[package]]
name = "aho-corasick"
version = "0.7.19"
source = "registry+https://github.com/rust-lang/crates.io-index"
checksum = "b4f55bd91a0978cbfd91c457a164bab8b4001c833b7f323132c0a4e1922dd44e"
dependencies = [
 "memchr",
]

[[package]]
name = "arc-swap"
version = "1.5.1"
source = "registry+https://github.com/rust-lang/crates.io-index"
checksum = "983cd8b9d4b02a6dc6ffa557262eb5858a27a0038ffffe21a0f133eaa819a164"

[[package]]
name = "atty"
version = "0.2.14"
source = "registry+https://github.com/rust-lang/crates.io-index"
checksum = "d9b39be18770d11421cdb1b9947a45dd3f37e93092cbf377614828a319d5fee8"
dependencies = [
 "hermit-abi",
 "libc",
 "winapi",
]

[[package]]
name = "autocfg"
version = "1.1.0"
source = "registry+https://github.com/rust-lang/crates.io-index"
checksum = "d468802bab17cbc0cc575e9b053f41e72aa36bfa6b7f55e3529ffa43161b97fa"

[[package]]
name = "backtrace"
version = "0.3.66"
source = "registry+https://github.com/rust-lang/crates.io-index"
checksum = "cab84319d616cfb654d03394f38ab7e6f0919e181b1b57e1fd15e7fb4077d9a7"
dependencies = [
 "addr2line",
 "cc",
 "cfg-if",
 "libc",
 "miniz_oxide",
 "object",
 "rustc-demangle",
]

[[package]]
name = "base64"
version = "0.13.0"
source = "registry+https://github.com/rust-lang/crates.io-index"
checksum = "904dfeac50f3cdaba28fc6f57fdcddb75f49ed61346676a78c4ffe55877802fd"

[[package]]
name = "bitflags"
version = "1.3.2"
source = "registry+https://github.com/rust-lang/crates.io-index"
checksum = "bef38d45163c2f1dde094a7dfd33ccf595c92905c8f8f4fdc18d06fb1037718a"

[[package]]
name = "bstr"
version = "0.2.17"
source = "registry+https://github.com/rust-lang/crates.io-index"
checksum = "ba3569f383e8f1598449f1a423e72e99569137b47740b1da11ef19af3d5c3223"
dependencies = [
 "memchr",
]

[[package]]
name = "bufstream"
version = "0.1.4"
source = "registry+https://github.com/rust-lang/crates.io-index"
checksum = "40e38929add23cdf8a366df9b0e088953150724bcbe5fc330b0d8eb3b328eec8"

[[package]]
name = "bytes"
version = "1.2.1"
source = "registry+https://github.com/rust-lang/crates.io-index"
checksum = "ec8a7b6a70fde80372154c65702f00a0f56f3e1c36abbc6c440484be248856db"

[[package]]
name = "cc"
version = "1.0.73"
source = "registry+https://github.com/rust-lang/crates.io-index"
checksum = "2fff2a6927b3bb87f9595d67196a70493f627687a71d87a0d692242c33f58c11"

[[package]]
name = "cfg-if"
version = "1.0.0"
source = "registry+https://github.com/rust-lang/crates.io-index"
checksum = "baf1de4339761588bc0619e3cbc0120ee582ebb74b53b4efbf79117bd2da40fd"

[[package]]
name = "clap"
version = "4.0.25"
source = "registry+https://github.com/rust-lang/crates.io-index"
checksum = "389ca505fd2c00136e0d0cd34bcd8b6bd0b59d5779aab396054b716334230c1c"
dependencies = [
 "atty",
 "bitflags",
 "clap_lex",
 "strsim",
 "termcolor",
]

[[package]]
name = "clap_lex"
version = "0.3.0"
source = "registry+https://github.com/rust-lang/crates.io-index"
checksum = "0d4198f73e42b4936b35b5bb248d81d2b595ecb170da0bac7655c54eedfa8da8"
dependencies = [
 "os_str_bytes",
]

[[package]]
name = "crossbeam-channel"
version = "0.5.6"
source = "registry+https://github.com/rust-lang/crates.io-index"
checksum = "c2dd04ddaf88237dc3b8d8f9a3c1004b506b54b3313403944054d23c0870c521"
dependencies = [
 "cfg-if",
 "crossbeam-utils",
]

[[package]]
name = "crossbeam-utils"
version = "0.8.11"
source = "registry+https://github.com/rust-lang/crates.io-index"
checksum = "51887d4adc7b564537b15adcfb307936f8075dfcd5f00dde9a9f1d29383682bc"
dependencies = [
 "cfg-if",
 "once_cell",
]

[[package]]
name = "darling"
version = "0.4.0"
source = "registry+https://github.com/rust-lang/crates.io-index"
checksum = "2a78af487e4eb8f4421a1770687b328af6bb4494ca93435210678c6eea875c11"
dependencies = [
 "darling_core",
 "darling_macro",
]

[[package]]
name = "darling_core"
version = "0.4.0"
source = "registry+https://github.com/rust-lang/crates.io-index"
checksum = "b315f49c7b6db3708bca6e6913c194581a44ec619b7a39e131d4dd63733a3698"
dependencies = [
 "ident_case",
 "proc-macro2 0.3.8",
 "quote 0.5.2",
 "syn 0.13.11",
]

[[package]]
name = "darling_macro"
version = "0.4.0"
source = "registry+https://github.com/rust-lang/crates.io-index"
checksum = "eb69a38fdeaeaf3db712e1df170de67ee9dfc24fb88ca3e9d21e703ec25a4d8e"
dependencies = [
 "darling_core",
 "quote 0.5.2",
 "syn 0.13.11",
]

[[package]]
name = "dbus"
version = "0.6.5"
source = "registry+https://github.com/rust-lang/crates.io-index"
checksum = "48b5f0f36f1eebe901b0e6bee369a77ed3396334bf3f09abd46454a576f71819"
dependencies = [
 "libc",
 "libdbus-sys",
]

[[package]]
name = "derive_is_enum_variant"
version = "0.1.1"
source = "registry+https://github.com/rust-lang/crates.io-index"
checksum = "d0ac8859845146979953797f03cc5b282fb4396891807cdb3d04929a88418197"
dependencies = [
 "heck",
 "quote 0.3.15",
 "syn 0.11.11",
]

[[package]]
name = "diesel"
version = "2.0.2"
source = "registry+https://github.com/rust-lang/crates.io-index"
checksum = "68c186a7418a2aac330bb76cde82f16c36b03a66fb91db32d20214311f9f6545"
dependencies = [
 "diesel_derives",
 "libsqlite3-sys",
]

[[package]]
name = "diesel_derives"
version = "2.0.0"
source = "registry+https://github.com/rust-lang/crates.io-index"
checksum = "22a7ab9d7967e6a1a247ea38aedf88ab808b4ac0c159576bc71866ab8f9f9250"
dependencies = [
 "proc-macro-error",
 "proc-macro2 1.0.43",
 "quote 1.0.21",
 "syn 1.0.99",
]

[[package]]
name = "dirs-next"
version = "2.0.0"
source = "registry+https://github.com/rust-lang/crates.io-index"
checksum = "b98cf8ebf19c3d1b223e151f99a4f9f0690dca41414773390fc824184ac833e1"
dependencies = [
 "cfg-if",
 "dirs-sys-next",
]

[[package]]
name = "dirs-sys-next"
version = "0.1.2"
source = "registry+https://github.com/rust-lang/crates.io-index"
checksum = "4ebda144c4fe02d1f7ea1a7d9641b6fc6b580adcfa024ae48797ecdeb6825b4d"
dependencies = [
 "libc",
 "redox_users",
 "winapi",
]

[[package]]
name = "dotenv"
version = "0.15.0"
source = "registry+https://github.com/rust-lang/crates.io-index"
checksum = "77c90badedccf4105eca100756a0b1289e191f6fcbdadd3cee1d2f614f97da8f"

[[package]]
name = "enum-kinds"
version = "0.4.1"
source = "registry+https://github.com/rust-lang/crates.io-index"
checksum = "d0f21c374dea848c19071b1504ca5ad03c9ad0d03d2e509e68f6623b8fcac4b5"
dependencies = [
 "quote 0.4.2",
 "syn 0.12.15",
]

[[package]]
name = "error-chain"
version = "0.10.0"
source = "registry+https://github.com/rust-lang/crates.io-index"
checksum = "d9435d864e017c3c6afeac1654189b06cdb491cf2ff73dbf0d73b0f292f42ff8"

[[package]]
name = "failure"
version = "0.1.8"
source = "registry+https://github.com/rust-lang/crates.io-index"
checksum = "d32e9bd16cc02eae7db7ef620b392808b89f6a5e16bb3497d159c6b92a0f4f86"
dependencies = [
 "backtrace",
 "failure_derive",
]

[[package]]
name = "failure_derive"
version = "0.1.8"
source = "registry+https://github.com/rust-lang/crates.io-index"
checksum = "aa4da3c766cd7a0db8242e326e9e4e081edd567072893ed320008189715366a4"
dependencies = [
 "proc-macro2 1.0.43",
 "quote 1.0.21",
 "syn 1.0.99",
 "synstructure",
]

[[package]]
name = "fnv"
version = "1.0.7"
source = "registry+https://github.com/rust-lang/crates.io-index"
checksum = "3f9eec918d3f24069decb9af1554cad7c880e2da24a9afd88aca000531ab82c1"

[[package]]
name = "from_variants"
version = "0.3.0"
source = "registry+https://github.com/rust-lang/crates.io-index"
checksum = "557a27056175c8ecad545ace83508e10092dc8ae34b313c9ad8c8a72b4390b3f"
dependencies = [
 "from_variants_impl",
]

[[package]]
name = "from_variants_impl"
version = "0.3.0"
source = "registry+https://github.com/rust-lang/crates.io-index"
checksum = "fc4f4e9b9f5c806f457759523a6c85826aa261115571d3e635f34d890104fbcd"
dependencies = [
 "darling",
 "error-chain",
 "quote 0.5.2",
 "syn 0.13.11",
]

[[package]]
name = "futures"
version = "0.3.24"
source = "registry+https://github.com/rust-lang/crates.io-index"
checksum = "7f21eda599937fba36daeb58a22e8f5cee2d14c4a17b5b7739c7c8e5e3b8230c"
dependencies = [
 "futures-channel",
 "futures-core",
 "futures-executor",
 "futures-io",
 "futures-sink",
 "futures-task",
 "futures-util",
]

[[package]]
name = "futures-channel"
version = "0.3.24"
source = "registry+https://github.com/rust-lang/crates.io-index"
checksum = "30bdd20c28fadd505d0fd6712cdfcb0d4b5648baf45faef7f852afb2399bb050"
dependencies = [
 "futures-core",
 "futures-sink",
]

[[package]]
name = "futures-core"
version = "0.3.24"
source = "registry+https://github.com/rust-lang/crates.io-index"
checksum = "4e5aa3de05362c3fb88de6531e6296e85cde7739cccad4b9dfeeb7f6ebce56bf"

[[package]]
name = "futures-executor"
version = "0.3.24"
source = "registry+https://github.com/rust-lang/crates.io-index"
checksum = "9ff63c23854bee61b6e9cd331d523909f238fc7636290b96826e9cfa5faa00ab"
dependencies = [
 "futures-core",
 "futures-task",
 "futures-util",
]

[[package]]
name = "futures-io"
version = "0.3.24"
source = "registry+https://github.com/rust-lang/crates.io-index"
checksum = "bbf4d2a7a308fd4578637c0b17c7e1c7ba127b8f6ba00b29f717e9655d85eb68"

[[package]]
name = "futures-macro"
version = "0.3.24"
source = "registry+https://github.com/rust-lang/crates.io-index"
checksum = "42cd15d1c7456c04dbdf7e88bcd69760d74f3a798d6444e16974b505b0e62f17"
dependencies = [
 "proc-macro2 1.0.43",
 "quote 1.0.21",
 "syn 1.0.99",
]

[[package]]
name = "futures-sink"
version = "0.3.24"
source = "registry+https://github.com/rust-lang/crates.io-index"
checksum = "21b20ba5a92e727ba30e72834706623d94ac93a725410b6a6b6fbc1b07f7ba56"

[[package]]
name = "futures-task"
version = "0.3.24"
source = "registry+https://github.com/rust-lang/crates.io-index"
checksum = "a6508c467c73851293f390476d4491cf4d227dbabcd4170f3bb6044959b294f1"

[[package]]
name = "futures-util"
version = "0.3.24"
source = "registry+https://github.com/rust-lang/crates.io-index"
checksum = "44fb6cb1be61cc1d2e43b262516aafcf63b241cffdb1d3fa115f91d9c7b09c90"
dependencies = [
 "futures-channel",
 "futures-core",
 "futures-io",
 "futures-macro",
 "futures-sink",
 "futures-task",
 "memchr",
 "pin-project-lite",
 "pin-utils",
 "slab",
]

[[package]]
name = "getrandom"
version = "0.1.16"
source = "registry+https://github.com/rust-lang/crates.io-index"
checksum = "8fc3cb4d91f53b50155bdcfd23f6a4c39ae1969c2ae85982b135750cccaf5fce"
dependencies = [
 "cfg-if",
 "libc",
 "wasi 0.9.0+wasi-snapshot-preview1",
]

[[package]]
name = "getrandom"
version = "0.2.7"
source = "registry+https://github.com/rust-lang/crates.io-index"
checksum = "4eb1a864a501629691edf6c15a593b7a51eebaa1e8468e9ddc623de7c9b58ec6"
dependencies = [
 "cfg-if",
 "libc",
 "wasi 0.11.0+wasi-snapshot-preview1",
]

[[package]]
name = "gimli"
version = "0.26.2"
source = "registry+https://github.com/rust-lang/crates.io-index"
checksum = "22030e2c5a68ec659fde1e949a745124b48e6fa8b045b7ed5bd1fe4ccc5c4e5d"

[[package]]
name = "globset"
version = "0.4.9"
source = "registry+https://github.com/rust-lang/crates.io-index"
checksum = "0a1e17342619edbc21a964c2afbeb6c820c6a2560032872f397bb97ea127bd0a"
dependencies = [
 "aho-corasick",
 "bstr",
 "fnv",
 "log",
 "regex",
]

[[package]]
name = "heck"
version = "0.3.3"
source = "registry+https://github.com/rust-lang/crates.io-index"
checksum = "6d621efb26863f0e9924c6ac577e8275e5e6b77455db64ffa6c65c904e9e132c"
dependencies = [
 "unicode-segmentation",
]

[[package]]
name = "hermit-abi"
version = "0.1.19"
source = "registry+https://github.com/rust-lang/crates.io-index"
checksum = "62b467343b94ba476dcb2500d242dadbb39557df889310ac77c5d99100aaac33"
dependencies = [
 "libc",
]

[[package]]
name = "ident_case"
version = "1.0.1"
source = "registry+https://github.com/rust-lang/crates.io-index"
checksum = "b9e0384b61958566e926dc50660321d12159025e767c18e043daf26b70104c39"

[[package]]
name = "instant"
version = "0.1.12"
source = "registry+https://github.com/rust-lang/crates.io-index"
checksum = "7a5bbe824c507c5da5956355e86a746d82e0e1464f65d862cc5e71da70e94b2c"
dependencies = [
 "cfg-if",
]

[[package]]
name = "itoa"
version = "1.0.3"
source = "registry+https://github.com/rust-lang/crates.io-index"
checksum = "6c8af84674fe1f223a982c933a0ee1086ac4d4052aa0fb8060c12c6ad838e754"

[[package]]
name = "jsonrpc"
version = "0.13.0"
source = "registry+https://github.com/rust-lang/crates.io-index"
checksum = "fd8d6b3f301ba426b30feca834a2a18d48d5b54e5065496b5c1b05537bee3639"
dependencies = [
 "base64",
 "serde",
 "serde_json",
]

[[package]]
name = "jsonrpc-core"
version = "18.0.0"
source = "registry+https://github.com/rust-lang/crates.io-index"
checksum = "14f7f76aef2d054868398427f6c54943cf3d1caa9a7ec7d0c38d69df97a965eb"
dependencies = [
 "futures",
 "futures-executor",
 "futures-util",
 "log",
 "serde",
 "serde_derive",
 "serde_json",
]

[[package]]
name = "jsonrpc-ipc-server"
version = "18.0.0"
source = "registry+https://github.com/rust-lang/crates.io-index"
checksum = "382bb0206323ca7cda3dcd7e245cea86d37d02457a02a975e3378fb149a48845"
dependencies = [
 "futures",
 "jsonrpc-core",
 "jsonrpc-server-utils",
 "log",
 "parity-tokio-ipc",
 "parking_lot",
 "tower-service",
]

[[package]]
name = "jsonrpc-server-utils"
version = "18.0.0"
source = "registry+https://github.com/rust-lang/crates.io-index"
checksum = "fa4fdea130485b572c39a460d50888beb00afb3e35de23ccd7fad8ff19f0e0d4"
dependencies = [
 "bytes",
 "futures",
 "globset",
 "jsonrpc-core",
 "lazy_static",
 "log",
 "tokio",
 "tokio-stream",
 "tokio-util",
 "unicase",
]

[[package]]
name = "jsonrpc-tcp-server"
version = "18.0.0"
source = "registry+https://github.com/rust-lang/crates.io-index"
checksum = "60a0a0d35558123e93743d467285196905da1368500378cb5352b71856377874"
dependencies = [
 "jsonrpc-core",
 "jsonrpc-server-utils",
 "log",
 "parking_lot",
 "tower-service",
]

[[package]]
name = "lazy_static"
version = "1.4.0"
source = "registry+https://github.com/rust-lang/crates.io-index"
checksum = "e2abad23fbc42b3700f2f279844dc832adb2b2eb069b2df918f455c4e18cc646"

[[package]]
name = "libc"
version = "0.2.132"
source = "registry+https://github.com/rust-lang/crates.io-index"
checksum = "8371e4e5341c3a96db127eb2465ac681ced4c433e01dd0e938adbef26ba93ba5"

[[package]]
name = "libdbus-sys"
version = "0.2.2"
source = "registry+https://github.com/rust-lang/crates.io-index"
checksum = "c185b5b7ad900923ef3a8ff594083d4d9b5aea80bb4f32b8342363138c0d456b"
dependencies = [
 "pkg-config",
]

[[package]]
name = "libsqlite3-sys"
version = "0.25.1"
source = "registry+https://github.com/rust-lang/crates.io-index"
checksum = "9f0455f2c1bc9a7caa792907026e469c1d91761fb0ea37cbb16427c77280cf35"
dependencies = [
 "pkg-config",
 "vcpkg",
]

[[package]]
name = "lock_api"
version = "0.4.8"
source = "registry+https://github.com/rust-lang/crates.io-index"
checksum = "9f80bf5aacaf25cbfc8210d1cfb718f2bf3b11c4c54e5afe36c236853a8ec390"
dependencies = [
 "autocfg",
 "scopeguard",
]

[[package]]
name = "log"
version = "0.4.17"
source = "registry+https://github.com/rust-lang/crates.io-index"
checksum = "abb12e687cfb44aa40f41fc3978ef76448f9b6038cad6aef4259d3c095a2382e"
dependencies = [
 "cfg-if",
]

[[package]]
name = "memchr"
version = "2.5.0"
source = "registry+https://github.com/rust-lang/crates.io-index"
checksum = "2dffe52ecf27772e601905b7522cb4ef790d2cc203488bbd0e2fe85fcb74566d"

[[package]]
name = "miniz_oxide"
version = "0.5.4"
source = "registry+https://github.com/rust-lang/crates.io-index"
checksum = "96590ba8f175222643a85693f33d26e9c8a015f599c216509b1a6894af675d34"
dependencies = [
 "adler",
]

[[package]]
name = "mio"
version = "0.8.4"
source = "registry+https://github.com/rust-lang/crates.io-index"
checksum = "57ee1c23c7c63b0c9250c339ffdc69255f110b298b901b9f6c82547b7b87caaf"
dependencies = [
 "libc",
 "log",
 "wasi 0.11.0+wasi-snapshot-preview1",
 "windows-sys",
]

[[package]]
name = "mpd"
version = "0.0.12"
source = "registry+https://github.com/rust-lang/crates.io-index"
checksum = "57a20784da57fa01bf7910a5da686d9f39ff37feaa774856b71f050e4331bf82"
dependencies = [
 "bufstream",
 "rustc-serialize",
 "time 0.1.44",
]

[[package]]
name = "mpris"
version = "1.1.2"
source = "registry+https://github.com/rust-lang/crates.io-index"
checksum = "818520e449f43cd196bc4fdbd163d4f437f36481c2d4573dca4614bb89e4aef3"
dependencies = [
 "dbus",
 "derive_is_enum_variant",
 "enum-kinds",
 "failure",
 "failure_derive",
 "from_variants",
]

[[package]]
name = "num_cpus"
version = "1.13.1"
source = "registry+https://github.com/rust-lang/crates.io-index"
checksum = "19e64526ebdee182341572e50e9ad03965aa510cd94427a4549448f285e957a1"
dependencies = [
 "hermit-abi",
 "libc",
]

[[package]]
name = "num_threads"
version = "0.1.6"
source = "registry+https://github.com/rust-lang/crates.io-index"
checksum = "2819ce041d2ee131036f4fc9d6ae7ae125a3a40e97ba64d04fe799ad9dabbb44"
dependencies = [
 "libc",
]

[[package]]
name = "object"
version = "0.29.0"
source = "registry+https://github.com/rust-lang/crates.io-index"
checksum = "21158b2c33aa6d4561f1c0a6ea283ca92bc54802a93b263e910746d679a7eb53"
dependencies = [
 "memchr",
]

[[package]]
name = "once_cell"
version = "1.14.0"
source = "registry+https://github.com/rust-lang/crates.io-index"
checksum = "2f7254b99e31cad77da24b08ebf628882739a608578bb1bcdfc1f9c21260d7c0"

[[package]]
name = "os_str_bytes"
version = "6.3.0"
source = "registry+https://github.com/rust-lang/crates.io-index"
checksum = "9ff7415e9ae3fff1225851df9e0d9e4e5479f947619774677a63572e55e80eff"

[[package]]
name = "parity-tokio-ipc"
version = "0.9.0"
source = "registry+https://github.com/rust-lang/crates.io-index"
checksum = "9981e32fb75e004cc148f5fb70342f393830e0a4aa62e3cc93b50976218d42b6"
dependencies = [
 "futures",
 "libc",
 "log",
 "rand",
 "tokio",
 "winapi",
]

[[package]]
name = "parking_lot"
version = "0.11.2"
source = "registry+https://github.com/rust-lang/crates.io-index"
checksum = "7d17b78036a60663b797adeaee46f5c9dfebb86948d1255007a1d6be0271ff99"
dependencies = [
 "instant",
 "lock_api",
 "parking_lot_core",
]

[[package]]
name = "parking_lot_core"
version = "0.8.5"
source = "registry+https://github.com/rust-lang/crates.io-index"
checksum = "d76e8e1493bcac0d2766c42737f34458f1c8c50c0d23bcb24ea953affb273216"
dependencies = [
 "cfg-if",
 "instant",
 "libc",
 "redox_syscall",
 "smallvec",
 "winapi",
]

[[package]]
name = "pin-project-lite"
version = "0.2.9"
source = "registry+https://github.com/rust-lang/crates.io-index"
checksum = "e0a7ae3ac2f1173085d398531c705756c94a4c56843785df85a60c1a0afac116"

[[package]]
name = "pin-utils"
version = "0.1.0"
source = "registry+https://github.com/rust-lang/crates.io-index"
checksum = "8b870d8c151b6f2fb93e84a13146138f05d02ed11c7e7c54f8826aaaf7c9f184"

[[package]]
name = "pkg-config"
version = "0.3.25"
source = "registry+https://github.com/rust-lang/crates.io-index"
checksum = "1df8c4ec4b0627e53bdf214615ad287367e482558cf84b109250b37464dc03ae"

[[package]]
name = "ppv-lite86"
version = "0.2.16"
source = "registry+https://github.com/rust-lang/crates.io-index"
checksum = "eb9f9e6e233e5c4a35559a617bf40a4ec447db2e84c20b55a6f83167b7e57872"

[[package]]
name = "proc-macro-error"
version = "1.0.4"
source = "registry+https://github.com/rust-lang/crates.io-index"
checksum = "da25490ff9892aab3fcf7c36f08cfb902dd3e71ca0f9f9517bea02a73a5ce38c"
dependencies = [
 "proc-macro-error-attr",
 "proc-macro2 1.0.43",
 "quote 1.0.21",
 "syn 1.0.99",
 "version_check",
]

[[package]]
name = "proc-macro-error-attr"
version = "1.0.4"
source = "registry+https://github.com/rust-lang/crates.io-index"
checksum = "a1be40180e52ecc98ad80b184934baf3d0d29f979574e439af5a55274b35f869"
dependencies = [
 "proc-macro2 1.0.43",
 "quote 1.0.21",
 "version_check",
]

[[package]]
name = "proc-macro2"
version = "0.2.3"
source = "registry+https://github.com/rust-lang/crates.io-index"
checksum = "cd07deb3c6d1d9ff827999c7f9b04cdfd66b1b17ae508e14fe47b620f2282ae0"
dependencies = [
 "unicode-xid 0.1.0",
]

[[package]]
name = "proc-macro2"
version = "0.3.8"
source = "registry+https://github.com/rust-lang/crates.io-index"
checksum = "1b06e2f335f48d24442b35a19df506a835fb3547bc3c06ef27340da9acf5cae7"
dependencies = [
 "unicode-xid 0.1.0",
]

[[package]]
name = "proc-macro2"
version = "1.0.43"
source = "registry+https://github.com/rust-lang/crates.io-index"
checksum = "0a2ca2c61bc9f3d74d2886294ab7b9853abd9c1ad903a3ac7815c58989bb7bab"
dependencies = [
 "unicode-ident",
]

[[package]]
name = "quote"
version = "0.3.15"
source = "registry+https://github.com/rust-lang/crates.io-index"
checksum = "7a6e920b65c65f10b2ae65c831a81a073a89edd28c7cce89475bff467ab4167a"

[[package]]
name = "quote"
version = "0.4.2"
source = "registry+https://github.com/rust-lang/crates.io-index"
checksum = "1eca14c727ad12702eb4b6bfb5a232287dcf8385cb8ca83a3eeaf6519c44c408"
dependencies = [
 "proc-macro2 0.2.3",
]

[[package]]
name = "quote"
version = "0.5.2"
source = "registry+https://github.com/rust-lang/crates.io-index"
checksum = "9949cfe66888ffe1d53e6ec9d9f3b70714083854be20fd5e271b232a017401e8"
dependencies = [
 "proc-macro2 0.3.8",
]

[[package]]
name = "quote"
version = "1.0.21"
source = "registry+https://github.com/rust-lang/crates.io-index"
checksum = "bbe448f377a7d6961e30f5955f9b8d106c3f5e449d493ee1b125c1d43c2b5179"
dependencies = [
 "proc-macro2 1.0.43",
]

[[package]]
name = "rand"
version = "0.7.3"
source = "registry+https://github.com/rust-lang/crates.io-index"
checksum = "6a6b1679d49b24bbfe0c803429aa1874472f50d9b363131f0e89fc356b544d03"
dependencies = [
 "getrandom 0.1.16",
 "libc",
 "rand_chacha",
 "rand_core",
 "rand_hc",
]

[[package]]
name = "rand_chacha"
version = "0.2.2"
source = "registry+https://github.com/rust-lang/crates.io-index"
checksum = "f4c8ed856279c9737206bf725bf36935d8666ead7aa69b52be55af369d193402"
dependencies = [
 "ppv-lite86",
 "rand_core",
]

[[package]]
name = "rand_core"
version = "0.5.1"
source = "registry+https://github.com/rust-lang/crates.io-index"
checksum = "90bde5296fc891b0cef12a6d03ddccc162ce7b2aff54160af9338f8d40df6d19"
dependencies = [
 "getrandom 0.1.16",
]

[[package]]
name = "rand_hc"
version = "0.2.0"
source = "registry+https://github.com/rust-lang/crates.io-index"
checksum = "ca3129af7b92a17112d59ad498c6f81eaf463253766b90396d39ea7a39d6613c"
dependencies = [
 "rand_core",
]

[[package]]
name = "redox_syscall"
version = "0.2.16"
source = "registry+https://github.com/rust-lang/crates.io-index"
checksum = "fb5a58c1855b4b6819d59012155603f0b22ad30cad752600aadfcb695265519a"
dependencies = [
 "bitflags",
]

[[package]]
name = "redox_users"
version = "0.4.3"
source = "registry+https://github.com/rust-lang/crates.io-index"
checksum = "b033d837a7cf162d7993aded9304e30a83213c648b6e389db233191f891e5c2b"
dependencies = [
 "getrandom 0.2.7",
 "redox_syscall",
 "thiserror",
]

[[package]]
name = "regex"
version = "1.6.0"
source = "registry+https://github.com/rust-lang/crates.io-index"
checksum = "4c4eb3267174b8c6c2f654116623910a0fef09c4753f8dd83db29c48a0df988b"
dependencies = [
 "aho-corasick",
 "memchr",
 "regex-syntax",
]

[[package]]
name = "regex-syntax"
version = "0.6.27"
source = "registry+https://github.com/rust-lang/crates.io-index"
checksum = "a3f87b73ce11b1619a3c6332f45341e0047173771e8b8b73f87bfeefb7b56244"

[[package]]
name = "rustc-demangle"
version = "0.1.21"
source = "registry+https://github.com/rust-lang/crates.io-index"
checksum = "7ef03e0a2b150c7a90d01faf6254c9c48a41e95fb2a8c2ac1c6f0d2b9aefc342"

[[package]]
name = "rustc-serialize"
version = "0.3.24"
source = "registry+https://github.com/rust-lang/crates.io-index"
checksum = "dcf128d1287d2ea9d80910b5f1120d0b8eede3fbf1abe91c40d39ea7d51e6fda"

[[package]]
name = "rustversion"
version = "1.0.9"
source = "registry+https://github.com/rust-lang/crates.io-index"
checksum = "97477e48b4cf8603ad5f7aaf897467cf42ab4218a38ef76fb14c2d6773a6d6a8"

[[package]]
name = "ryu"
version = "1.0.11"
source = "registry+https://github.com/rust-lang/crates.io-index"
checksum = "4501abdff3ae82a1c1b477a17252eb69cee9e66eb915c1abaa4f44d873df9f09"

[[package]]
name = "scopeguard"
version = "1.1.0"
source = "registry+https://github.com/rust-lang/crates.io-index"
checksum = "d29ab0c6d3fc0ee92fe66e2d99f700eab17a8d57d1c1d3b748380fb20baa78cd"

[[package]]
name = "scrob"
version = "0.1.0"
dependencies = [
 "clap",
 "diesel",
 "dotenv",
 "jsonrpc",
 "jsonrpc-core",
 "jsonrpc-ipc-server",
 "jsonrpc-tcp-server",
 "mpd",
 "mpris",
 "slog",
 "slog-async",
 "slog-scope",
 "slog-term",
 "time 0.3.17",
]

[[package]]
name = "serde"
version = "1.0.144"
source = "registry+https://github.com/rust-lang/crates.io-index"
checksum = "0f747710de3dcd43b88c9168773254e809d8ddbdf9653b84e2554ab219f17860"
dependencies = [
 "serde_derive",
]

[[package]]
name = "serde_derive"
version = "1.0.144"
source = "registry+https://github.com/rust-lang/crates.io-index"
checksum = "94ed3a816fb1d101812f83e789f888322c34e291f894f19590dc310963e87a00"
dependencies = [
 "proc-macro2 1.0.43",
 "quote 1.0.21",
 "syn 1.0.99",
]

[[package]]
name = "serde_json"
version = "1.0.85"
source = "registry+https://github.com/rust-lang/crates.io-index"
checksum = "e55a28e3aaef9d5ce0506d0a14dbba8054ddc7e499ef522dd8b26859ec9d4a44"
dependencies = [
 "itoa",
 "ryu",
 "serde",
]

[[package]]
name = "slab"
version = "0.4.7"
source = "registry+https://github.com/rust-lang/crates.io-index"
checksum = "4614a76b2a8be0058caa9dbbaf66d988527d86d003c11a94fbd335d7661edcef"
dependencies = [
 "autocfg",
]

[[package]]
name = "slog"
version = "2.7.0"
source = "registry+https://github.com/rust-lang/crates.io-index"
checksum = "8347046d4ebd943127157b94d63abb990fcf729dc4e9978927fdf4ac3c998d06"

[[package]]
name = "slog-async"
version = "2.7.0"
source = "registry+https://github.com/rust-lang/crates.io-index"
checksum = "766c59b252e62a34651412870ff55d8c4e6d04df19b43eecb2703e417b097ffe"
dependencies = [
 "crossbeam-channel",
 "slog",
 "take_mut",
 "thread_local",
]

[[package]]
name = "slog-scope"
version = "4.4.0"
source = "registry+https://github.com/rust-lang/crates.io-index"
checksum = "2f95a4b4c3274cd2869549da82b57ccc930859bdbf5bcea0424bc5f140b3c786"
dependencies = [
 "arc-swap",
 "lazy_static",
 "slog",
]

[[package]]
name = "slog-term"
version = "2.9.0"
source = "registry+https://github.com/rust-lang/crates.io-index"
checksum = "87d29185c55b7b258b4f120eab00f48557d4d9bc814f41713f449d35b0f8977c"
dependencies = [
 "atty",
 "slog",
 "term",
 "thread_local",
 "time 0.3.17",
]

[[package]]
name = "smallvec"
version = "1.9.0"
source = "registry+https://github.com/rust-lang/crates.io-index"
checksum = "2fd0db749597d91ff862fd1d55ea87f7855a744a8425a64695b6fca237d1dad1"

[[package]]
name = "socket2"
version = "0.4.7"
source = "registry+https://github.com/rust-lang/crates.io-index"
checksum = "02e2d2db9033d13a1567121ddd7a095ee144db4e1ca1b1bda3419bc0da294ebd"
dependencies = [
 "libc",
 "winapi",
]

[[package]]
name = "strsim"
version = "0.10.0"
source = "registry+https://github.com/rust-lang/crates.io-index"
checksum = "73473c0e59e6d5812c5dfe2a064a6444949f089e20eec9a2e5506596494e4623"

[[package]]
name = "syn"
version = "0.11.11"
source = "registry+https://github.com/rust-lang/crates.io-index"
checksum = "d3b891b9015c88c576343b9b3e41c2c11a51c219ef067b264bd9c8aa9b441dad"
dependencies = [
 "quote 0.3.15",
 "synom",
 "unicode-xid 0.0.4",
]

[[package]]
name = "syn"
version = "0.12.15"
source = "registry+https://github.com/rust-lang/crates.io-index"
checksum = "c97c05b8ebc34ddd6b967994d5c6e9852fa92f8b82b3858c39451f97346dcce5"
dependencies = [
 "proc-macro2 0.2.3",
 "quote 0.4.2",
 "unicode-xid 0.1.0",
]

[[package]]
name = "syn"
version = "0.13.11"
source = "registry+https://github.com/rust-lang/crates.io-index"
checksum = "14f9bf6292f3a61d2c716723fdb789a41bbe104168e6f496dc6497e531ea1b9b"
dependencies = [
 "proc-macro2 0.3.8",
 "quote 0.5.2",
 "unicode-xid 0.1.0",
]

[[package]]
name = "syn"
version = "1.0.99"
source = "registry+https://github.com/rust-lang/crates.io-index"
checksum = "58dbef6ec655055e20b86b15a8cc6d439cca19b667537ac6a1369572d151ab13"
dependencies = [
 "proc-macro2 1.0.43",
 "quote 1.0.21",
 "unicode-ident",
]

[[package]]
name = "synom"
version = "0.11.3"
source = "registry+https://github.com/rust-lang/crates.io-index"
checksum = "a393066ed9010ebaed60b9eafa373d4b1baac186dd7e008555b0f702b51945b6"
dependencies = [
 "unicode-xid 0.0.4",
]

[[package]]
name = "synstructure"
version = "0.12.6"
source = "registry+https://github.com/rust-lang/crates.io-index"
checksum = "f36bdaa60a83aca3921b5259d5400cbf5e90fc51931376a9bd4a0eb79aa7210f"
dependencies = [
 "proc-macro2 1.0.43",
 "quote 1.0.21",
 "syn 1.0.99",
 "unicode-xid 0.2.3",
]

[[package]]
name = "take_mut"
version = "0.2.2"
source = "registry+https://github.com/rust-lang/crates.io-index"
checksum = "f764005d11ee5f36500a149ace24e00e3da98b0158b3e2d53a7495660d3f4d60"

[[package]]
name = "term"
version = "0.7.0"
source = "registry+https://github.com/rust-lang/crates.io-index"
checksum = "c59df8ac95d96ff9bede18eb7300b0fda5e5d8d90960e76f8e14ae765eedbf1f"
dependencies = [
 "dirs-next",
 "rustversion",
 "winapi",
]

[[package]]
name = "termcolor"
version = "1.1.3"
source = "registry+https://github.com/rust-lang/crates.io-index"
checksum = "bab24d30b911b2376f3a13cc2cd443142f0c81dda04c118693e35b3835757755"
dependencies = [
 "winapi-util",
]

[[package]]
name = "thiserror"
version = "1.0.35"
source = "registry+https://github.com/rust-lang/crates.io-index"
checksum = "c53f98874615aea268107765aa1ed8f6116782501d18e53d08b471733bea6c85"
dependencies = [
 "thiserror-impl",
]

[[package]]
name = "thiserror-impl"
version = "1.0.35"
source = "registry+https://github.com/rust-lang/crates.io-index"
checksum = "f8b463991b4eab2d801e724172285ec4195c650e8ec79b149e6c2a8e6dd3f783"
dependencies = [
 "proc-macro2 1.0.43",
 "quote 1.0.21",
 "syn 1.0.99",
]

[[package]]
name = "thread_local"
version = "1.1.4"
source = "registry+https://github.com/rust-lang/crates.io-index"
checksum = "5516c27b78311c50bf42c071425c560ac799b11c30b31f87e3081965fe5e0180"
dependencies = [
 "once_cell",
]

[[package]]
name = "time"
version = "0.1.44"
source = "registry+https://github.com/rust-lang/crates.io-index"
checksum = "6db9e6914ab8b1ae1c260a4ae7a49b6c5611b40328a735b21862567685e73255"
dependencies = [
 "libc",
 "wasi 0.10.0+wasi-snapshot-preview1",
 "winapi",
]

[[package]]
name = "time"
version = "0.3.17"
source = "registry+https://github.com/rust-lang/crates.io-index"
checksum = "a561bf4617eebd33bca6434b988f39ed798e527f51a1e797d0ee4f61c0a38376"
dependencies = [
 "itoa",
 "libc",
 "num_threads",
 "serde",
 "time-core",
 "time-macros",
]

[[package]]
name = "time-core"
version = "0.1.0"
source = "registry+https://github.com/rust-lang/crates.io-index"
checksum = "2e153e1f1acaef8acc537e68b44906d2db6436e2b35ac2c6b42640fff91f00fd"

[[package]]
name = "time-macros"
version = "0.2.6"
source = "registry+https://github.com/rust-lang/crates.io-index"
checksum = "d967f99f534ca7e495c575c62638eebc2898a8c84c119b89e250477bc4ba16b2"
dependencies = [
 "time-core",
]

[[package]]
name = "tokio"
version = "1.21.1"
source = "registry+https://github.com/rust-lang/crates.io-index"
checksum = "0020c875007ad96677dcc890298f4b942882c5d4eb7cc8f439fc3bf813dc9c95"
dependencies = [
 "autocfg",
 "bytes",
 "libc",
 "memchr",
 "mio",
 "num_cpus",
 "once_cell",
 "pin-project-lite",
 "socket2",
 "winapi",
]

[[package]]
name = "tokio-stream"
version = "0.1.9"
source = "registry+https://github.com/rust-lang/crates.io-index"
checksum = "df54d54117d6fdc4e4fea40fe1e4e566b3505700e148a6827e59b34b0d2600d9"
dependencies = [
 "futures-core",
 "pin-project-lite",
 "tokio",
]

[[package]]
name = "tokio-util"
version = "0.6.10"
source = "registry+https://github.com/rust-lang/crates.io-index"
checksum = "36943ee01a6d67977dd3f84a5a1d2efeb4ada3a1ae771cadfaa535d9d9fc6507"
dependencies = [
 "bytes",
 "futures-core",
 "futures-sink",
 "log",
 "pin-project-lite",
 "tokio",
]

[[package]]
name = "tower-service"
version = "0.3.2"
source = "registry+https://github.com/rust-lang/crates.io-index"
checksum = "b6bc1c9ce2b5135ac7f93c72918fc37feb872bdc6a5533a8b85eb4b86bfdae52"

[[package]]
name = "unicase"
version = "2.6.0"
source = "registry+https://github.com/rust-lang/crates.io-index"
checksum = "50f37be617794602aabbeee0be4f259dc1778fabe05e2d67ee8f79326d5cb4f6"
dependencies = [
 "version_check",
]

[[package]]
name = "unicode-ident"
version = "1.0.4"
source = "registry+https://github.com/rust-lang/crates.io-index"
checksum = "dcc811dc4066ac62f84f11307873c4850cb653bfa9b1719cee2bd2204a4bc5dd"

[[package]]
name = "unicode-segmentation"
version = "1.10.0"
source = "registry+https://github.com/rust-lang/crates.io-index"
checksum = "0fdbf052a0783de01e944a6ce7a8cb939e295b1e7be835a1112c3b9a7f047a5a"

[[package]]
name = "unicode-xid"
version = "0.0.4"
source = "registry+https://github.com/rust-lang/crates.io-index"
checksum = "8c1f860d7d29cf02cb2f3f359fd35991af3d30bac52c57d265a3c461074cb4dc"

[[package]]
name = "unicode-xid"
version = "0.1.0"
source = "registry+https://github.com/rust-lang/crates.io-index"
checksum = "fc72304796d0818e357ead4e000d19c9c174ab23dc11093ac919054d20a6a7fc"

[[package]]
name = "unicode-xid"
version = "0.2.3"
source = "registry+https://github.com/rust-lang/crates.io-index"
checksum = "957e51f3646910546462e67d5f7599b9e4fb8acdd304b087a6494730f9eebf04"

[[package]]
name = "vcpkg"
version = "0.2.15"
source = "registry+https://github.com/rust-lang/crates.io-index"
checksum = "accd4ea62f7bb7a82fe23066fb0957d48ef677f6eeb8215f372f52e48bb32426"

[[package]]
name = "version_check"
version = "0.9.4"
source = "registry+https://github.com/rust-lang/crates.io-index"
checksum = "49874b5167b65d7193b8aba1567f5c7d93d001cafc34600cee003eda787e483f"

[[package]]
name = "wasi"
version = "0.9.0+wasi-snapshot-preview1"
source = "registry+https://github.com/rust-lang/crates.io-index"
checksum = "cccddf32554fecc6acb585f82a32a72e28b48f8c4c1883ddfeeeaa96f7d8e519"

[[package]]
name = "wasi"
version = "0.10.0+wasi-snapshot-preview1"
source = "registry+https://github.com/rust-lang/crates.io-index"
checksum = "1a143597ca7c7793eff794def352d41792a93c481eb1042423ff7ff72ba2c31f"

[[package]]
name = "wasi"
version = "0.11.0+wasi-snapshot-preview1"
source = "registry+https://github.com/rust-lang/crates.io-index"
checksum = "9c8d87e72b64a3b4db28d11ce29237c246188f4f51057d65a7eab63b7987e423"

[[package]]
name = "winapi"
version = "0.3.9"
source = "registry+https://github.com/rust-lang/crates.io-index"
checksum = "5c839a674fcd7a98952e593242ea400abe93992746761e38641405d28b00f419"
dependencies = [
 "winapi-i686-pc-windows-gnu",
 "winapi-x86_64-pc-windows-gnu",
]

[[package]]
name = "winapi-i686-pc-windows-gnu"
version = "0.4.0"
source = "registry+https://github.com/rust-lang/crates.io-index"
checksum = "ac3b87c63620426dd9b991e5ce0329eff545bccbbb34f3be09ff6fb6ab51b7b6"

[[package]]
name = "winapi-util"
version = "0.1.5"
source = "registry+https://github.com/rust-lang/crates.io-index"
checksum = "70ec6ce85bb158151cae5e5c87f95a8e97d2c0c4b001223f33a334e3ce5de178"
dependencies = [
 "winapi",
]

[[package]]
name = "winapi-x86_64-pc-windows-gnu"
version = "0.4.0"
source = "registry+https://github.com/rust-lang/crates.io-index"
checksum = "712e227841d057c1ee1cd2fb22fa7e5a5461ae8e48fa2ca79ec42cfc1931183f"

[[package]]
name = "windows-sys"
version = "0.36.1"
source = "registry+https://github.com/rust-lang/crates.io-index"
checksum = "ea04155a16a59f9eab786fe12a4a450e75cdb175f9e0d80da1e17db09f55b8d2"
dependencies = [
 "windows_aarch64_msvc",
 "windows_i686_gnu",
 "windows_i686_msvc",
 "windows_x86_64_gnu",
 "windows_x86_64_msvc",
]

[[package]]
name = "windows_aarch64_msvc"
version = "0.36.1"
source = "registry+https://github.com/rust-lang/crates.io-index"
checksum = "9bb8c3fd39ade2d67e9874ac4f3db21f0d710bee00fe7cab16949ec184eeaa47"

[[package]]
name = "windows_i686_gnu"
version = "0.36.1"
source = "registry+https://github.com/rust-lang/crates.io-index"
checksum = "180e6ccf01daf4c426b846dfc66db1fc518f074baa793aa7d9b9aaeffad6a3b6"

[[package]]
name = "windows_i686_msvc"
version = "0.36.1"
source = "registry+https://github.com/rust-lang/crates.io-index"
checksum = "e2e7917148b2812d1eeafaeb22a97e4813dfa60a3f8f78ebe204bcc88f12f024"

[[package]]
name = "windows_x86_64_gnu"
version = "0.36.1"
source = "registry+https://github.com/rust-lang/crates.io-index"
checksum = "4dcd171b8776c41b97521e5da127a2d86ad280114807d0b2ab1e462bc764d9e1"

[[package]]
name = "windows_x86_64_msvc"
version = "0.36.1"
source = "registry+https://github.com/rust-lang/crates.io-index"
checksum = "c811ca4a8c853ef420abd8592ba53ddbbac90410fab6903b3e79972a631f7680"
