# This file is automatically @generated by Cargo.
# It is not intended for manual editing.
[[package]]
name = "addr2line"
version = "0.14.1"
source = "registry+https://github.com/rust-lang/crates.io-index"
checksum = "a55f82cfe485775d02112886f4169bde0c5894d75e79ead7eafe7e40a25e45f7"
dependencies = [
 "gimli",
]

[[package]]
name = "adler"
version = "1.0.2"
source = "registry+https://github.com/rust-lang/crates.io-index"
checksum = "f26201604c87b1e01bd3d98f8d5d9a8fcbb815e8cedb41ffccbeb4bf593a35fe"

[[package]]
name = "aho-corasick"
version = "0.7.18"
source = "registry+https://github.com/rust-lang/crates.io-index"
checksum = "1e37cfd5e7657ada45f742d6e99ca5788580b5c529dc78faf11ece6dc702656f"
dependencies = [
 "memchr",
]

[[package]]
name = "ansi_term"
version = "0.11.0"
source = "registry+https://github.com/rust-lang/crates.io-index"
checksum = "ee49baf6cb617b853aa8d93bf420db2383fab46d314482ca2803b40d5fde979b"
dependencies = [
 "winapi 0.3.9",
]

[[package]]
name = "arc-swap"
version = "1.2.0"
source = "registry+https://github.com/rust-lang/crates.io-index"
checksum = "d4d7d63395147b81a9e570bcc6243aaf71c017bd666d4909cfef0085bdda8d73"

[[package]]
name = "arrayref"
version = "0.3.6"
source = "registry+https://github.com/rust-lang/crates.io-index"
checksum = "a4c527152e37cf757a3f78aae5a06fbeefdb07ccc535c980a3208ee3060dd544"

[[package]]
name = "arrayvec"
version = "0.5.2"
source = "registry+https://github.com/rust-lang/crates.io-index"
checksum = "23b62fc65de8e4e7f52534fb52b0f3ed04746ae267519eef2a83941e8085068b"

[[package]]
name = "asynchronous"
version = "0.4.5"
source = "registry+https://github.com/rust-lang/crates.io-index"
checksum = "eb11cceeae839876a3af1dc7afd4009e9d1cd4265e2f8d089a0cca4c7dca9b4b"
dependencies = [
 "num_cpus 0.2.13",
]

[[package]]
name = "atty"
version = "0.2.14"
source = "registry+https://github.com/rust-lang/crates.io-index"
checksum = "d9b39be18770d11421cdb1b9947a45dd3f37e93092cbf377614828a319d5fee8"
dependencies = [
 "hermit-abi",
 "libc",
 "winapi 0.3.9",
]

[[package]]
name = "autocfg"
version = "1.0.1"
source = "registry+https://github.com/rust-lang/crates.io-index"
checksum = "cdb031dd78e28731d87d56cc8ffef4a8f36ca26c38fe2de700543e627f8a464a"

[[package]]
name = "backtrace"
version = "0.3.58"
source = "registry+https://github.com/rust-lang/crates.io-index"
checksum = "88fb5a785d6b44fd9d6700935608639af1b8356de1e55d5f7c2740f4faa15d82"
dependencies = [
 "addr2line",
 "cc",
 "cfg-if 1.0.0",
 "libc",
 "miniz_oxide",
 "object",
 "rustc-demangle",
]

[[package]]
name = "base-x"
version = "0.2.8"
source = "registry+https://github.com/rust-lang/crates.io-index"
checksum = "a4521f3e3d031370679b3b140beb36dfe4801b09ac77e30c61941f97df3ef28b"

[[package]]
name = "base64"
version = "0.13.0"
source = "registry+https://github.com/rust-lang/crates.io-index"
checksum = "904dfeac50f3cdaba28fc6f57fdcddb75f49ed61346676a78c4ffe55877802fd"

[[package]]
name = "base64-compat"
version = "1.0.0"
source = "registry+https://github.com/rust-lang/crates.io-index"
checksum = "5a8d4d2746f89841e49230dd26917df1876050f95abafafbe34f47cb534b88d7"
dependencies = [
 "byteorder",
]

[[package]]
name = "bitflags"
version = "1.2.1"
source = "registry+https://github.com/rust-lang/crates.io-index"
checksum = "cf1de2fe8c75bc145a2f577add951f8134889b4795d47466a54a5c846d691693"

[[package]]
name = "blake2b_simd"
version = "0.5.11"
source = "registry+https://github.com/rust-lang/crates.io-index"
checksum = "afa748e348ad3be8263be728124b24a24f268266f6f5d58af9d75f6a40b5c587"
dependencies = [
 "arrayref",
 "arrayvec",
 "constant_time_eq",
]

[[package]]
name = "bstr"
version = "0.2.16"
source = "registry+https://github.com/rust-lang/crates.io-index"
checksum = "90682c8d613ad3373e66de8c6411e0ae2ab2571e879d2efbf73558cc66f21279"
dependencies = [
 "memchr",
]

[[package]]
name = "bufstream"
version = "0.1.4"
source = "registry+https://github.com/rust-lang/crates.io-index"
checksum = "40e38929add23cdf8a366df9b0e088953150724bcbe5fc330b0d8eb3b328eec8"

[[package]]
name = "bumpalo"
version = "3.6.1"
source = "registry+https://github.com/rust-lang/crates.io-index"
checksum = "63396b8a4b9de3f4fdfb320ab6080762242f66a8ef174c49d8e19b674db4cdbe"

[[package]]
name = "byteorder"
version = "1.4.3"
source = "registry+https://github.com/rust-lang/crates.io-index"
checksum = "14c189c53d098945499cdfa7ecc63567cf3886b3332b312a5b4585d8d3a6a610"

[[package]]
name = "bytes"
version = "0.5.6"
source = "registry+https://github.com/rust-lang/crates.io-index"
checksum = "0e4cec68f03f32e44924783795810fa50a7035d8c8ebe78580ad7e6c703fba38"

[[package]]
name = "cc"
version = "1.0.67"
source = "registry+https://github.com/rust-lang/crates.io-index"
checksum = "e3c69b077ad434294d3ce9f1f6143a2a4b89a8a2d54ef813d85003a4fd1137fd"

[[package]]
name = "cfg-if"
version = "0.1.10"
source = "registry+https://github.com/rust-lang/crates.io-index"
checksum = "4785bdd1c96b2a846b2bd7cc02e86b6b3dbf14e7e53446c4f54c92a361040822"

[[package]]
name = "cfg-if"
version = "1.0.0"
source = "registry+https://github.com/rust-lang/crates.io-index"
checksum = "baf1de4339761588bc0619e3cbc0120ee582ebb74b53b4efbf79117bd2da40fd"

[[package]]
name = "chrono"
version = "0.4.19"
source = "registry+https://github.com/rust-lang/crates.io-index"
checksum = "670ad68c9088c2a963aaa298cb369688cf3f9465ce5e2d4ca10e6e0098a1ce73"
dependencies = [
 "libc",
 "num-integer",
 "num-traits",
 "time 0.1.43",
 "winapi 0.3.9",
]

[[package]]
name = "clap"
version = "2.33.3"
source = "registry+https://github.com/rust-lang/crates.io-index"
checksum = "37e58ac78573c40708d45522f0d80fa2f01cc4f9b4e2bf749807255454312002"
dependencies = [
 "ansi_term",
 "atty",
 "bitflags",
 "strsim",
 "term_size",
 "textwrap",
 "unicode-width",
 "vec_map",
]

[[package]]
name = "clippy"
version = "0.0.302"
source = "registry+https://github.com/rust-lang/crates.io-index"
checksum = "d911ee15579a3f50880d8c1d59ef6e79f9533127a3bd342462f5d584f5e8c294"
dependencies = [
 "term 0.5.2",
]

[[package]]
name = "const_fn"
version = "0.4.7"
source = "registry+https://github.com/rust-lang/crates.io-index"
checksum = "402da840495de3f976eaefc3485b7f5eb5b0bf9761f9a47be27fe975b3b8c2ec"

[[package]]
name = "constant_time_eq"
version = "0.1.5"
source = "registry+https://github.com/rust-lang/crates.io-index"
checksum = "245097e9a4535ee1e3e3931fcfcd55a796a44c643e8596ff6566d68f09b87bbc"

[[package]]
name = "crossbeam-channel"
version = "0.5.1"
source = "registry+https://github.com/rust-lang/crates.io-index"
checksum = "06ed27e177f16d65f0f0c22a213e17c696ace5dd64b14258b52f9417ccb52db4"
dependencies = [
 "cfg-if 1.0.0",
 "crossbeam-utils",
]

[[package]]
name = "crossbeam-utils"
version = "0.8.4"
source = "registry+https://github.com/rust-lang/crates.io-index"
checksum = "4feb231f0d4d6af81aed15928e58ecf5816aa62a2393e2c82f46973e92a9a278"
dependencies = [
 "autocfg",
 "cfg-if 1.0.0",
 "lazy_static",
]

[[package]]
name = "darling"
version = "0.4.0"
source = "registry+https://github.com/rust-lang/crates.io-index"
checksum = "2a78af487e4eb8f4421a1770687b328af6bb4494ca93435210678c6eea875c11"
dependencies = [
 "darling_core",
 "darling_macro",
]

[[package]]
name = "darling_core"
version = "0.4.0"
source = "registry+https://github.com/rust-lang/crates.io-index"
checksum = "b315f49c7b6db3708bca6e6913c194581a44ec619b7a39e131d4dd63733a3698"
dependencies = [
 "ident_case",
 "proc-macro2 0.3.8",
 "quote 0.5.2",
 "syn 0.13.11",
]

[[package]]
name = "darling_macro"
version = "0.4.0"
source = "registry+https://github.com/rust-lang/crates.io-index"
checksum = "eb69a38fdeaeaf3db712e1df170de67ee9dfc24fb88ca3e9d21e703ec25a4d8e"
dependencies = [
 "darling_core",
 "quote 0.5.2",
 "syn 0.13.11",
]

[[package]]
name = "dbus"
version = "0.6.5"
source = "registry+https://github.com/rust-lang/crates.io-index"
checksum = "48b5f0f36f1eebe901b0e6bee369a77ed3396334bf3f09abd46454a576f71819"
dependencies = [
 "libc",
 "libdbus-sys",
]

[[package]]
name = "derive_is_enum_variant"
version = "0.1.1"
source = "registry+https://github.com/rust-lang/crates.io-index"
checksum = "d0ac8859845146979953797f03cc5b282fb4396891807cdb3d04929a88418197"
dependencies = [
 "heck",
 "quote 0.3.15",
 "syn 0.11.11",
]

[[package]]
name = "diesel"
version = "1.4.6"
source = "registry+https://github.com/rust-lang/crates.io-index"
checksum = "047bfc4d5c3bd2ef6ca6f981941046113524b9a9f9a7cbdfdd7ff40f58e6f542"
dependencies = [
 "byteorder",
 "diesel_derives",
 "libsqlite3-sys",
]

[[package]]
name = "diesel_derives"
version = "1.4.1"
source = "registry+https://github.com/rust-lang/crates.io-index"
checksum = "45f5098f628d02a7a0f68ddba586fb61e80edec3bdc1be3b921f4ceec60858d3"
dependencies = [
 "proc-macro2 1.0.26",
 "quote 1.0.9",
 "syn 1.0.71",
]

[[package]]
name = "dirs"
version = "1.0.5"
source = "registry+https://github.com/rust-lang/crates.io-index"
checksum = "3fd78930633bd1c6e35c4b42b1df7b0cbc6bc191146e512bb3bedf243fcc3901"
dependencies = [
 "libc",
 "redox_users 0.3.5",
 "winapi 0.3.9",
]

[[package]]
name = "dirs-next"
version = "2.0.0"
source = "registry+https://github.com/rust-lang/crates.io-index"
checksum = "b98cf8ebf19c3d1b223e151f99a4f9f0690dca41414773390fc824184ac833e1"
dependencies = [
 "cfg-if 1.0.0",
 "dirs-sys-next",
]

[[package]]
name = "dirs-sys-next"
version = "0.1.2"
source = "registry+https://github.com/rust-lang/crates.io-index"
checksum = "4ebda144c4fe02d1f7ea1a7d9641b6fc6b580adcfa024ae48797ecdeb6825b4d"
dependencies = [
 "libc",
 "redox_users 0.4.0",
 "winapi 0.3.9",
]

[[package]]
name = "discard"
version = "1.0.4"
source = "registry+https://github.com/rust-lang/crates.io-index"
checksum = "212d0f5754cb6769937f4501cc0e67f4f4483c8d2c3e1e922ee9edbe4ab4c7c0"

[[package]]
name = "dotenv"
version = "0.15.0"
source = "registry+https://github.com/rust-lang/crates.io-index"
checksum = "77c90badedccf4105eca100756a0b1289e191f6fcbdadd3cee1d2f614f97da8f"

[[package]]
name = "enum-kinds"
version = "0.4.1"
source = "registry+https://github.com/rust-lang/crates.io-index"
checksum = "d0f21c374dea848c19071b1504ca5ad03c9ad0d03d2e509e68f6623b8fcac4b5"
dependencies = [
 "quote 0.4.2",
 "syn 0.12.15",
]

[[package]]
name = "error-chain"
version = "0.10.0"
source = "registry+https://github.com/rust-lang/crates.io-index"
checksum = "d9435d864e017c3c6afeac1654189b06cdb491cf2ff73dbf0d73b0f292f42ff8"

[[package]]
name = "failure"
version = "0.1.8"
source = "registry+https://github.com/rust-lang/crates.io-index"
checksum = "d32e9bd16cc02eae7db7ef620b392808b89f6a5e16bb3497d159c6b92a0f4f86"
dependencies = [
 "backtrace",
 "failure_derive",
]

[[package]]
name = "failure_derive"
version = "0.1.8"
source = "registry+https://github.com/rust-lang/crates.io-index"
checksum = "aa4da3c766cd7a0db8242e326e9e4e081edd567072893ed320008189715366a4"
dependencies = [
 "proc-macro2 1.0.26",
 "quote 1.0.9",
 "syn 1.0.71",
 "synstructure",
]

[[package]]
name = "fnv"
version = "1.0.7"
source = "registry+https://github.com/rust-lang/crates.io-index"
checksum = "3f9eec918d3f24069decb9af1554cad7c880e2da24a9afd88aca000531ab82c1"

[[package]]
name = "from_variants"
version = "0.3.0"
source = "registry+https://github.com/rust-lang/crates.io-index"
checksum = "557a27056175c8ecad545ace83508e10092dc8ae34b313c9ad8c8a72b4390b3f"
dependencies = [
 "from_variants_impl",
]

[[package]]
name = "from_variants_impl"
version = "0.3.0"
source = "registry+https://github.com/rust-lang/crates.io-index"
checksum = "fc4f4e9b9f5c806f457759523a6c85826aa261115571d3e635f34d890104fbcd"
dependencies = [
 "darling",
 "error-chain",
 "quote 0.5.2",
 "syn 0.13.11",
]

[[package]]
name = "fuchsia-zircon"
version = "0.3.3"
source = "registry+https://github.com/rust-lang/crates.io-index"
checksum = "2e9763c69ebaae630ba35f74888db465e49e259ba1bc0eda7d06f4a067615d82"
dependencies = [
 "bitflags",
 "fuchsia-zircon-sys",
]

[[package]]
name = "fuchsia-zircon-sys"
version = "0.3.3"
source = "registry+https://github.com/rust-lang/crates.io-index"
checksum = "3dcaa9ae7725d12cdb85b3ad99a434db70b468c09ded17e012d86b5c1010f7a7"

[[package]]
name = "futures"
version = "0.3.14"
source = "registry+https://github.com/rust-lang/crates.io-index"
checksum = "a9d5813545e459ad3ca1bff9915e9ad7f1a47dc6a91b627ce321d5863b7dd253"
dependencies = [
 "futures-channel",
 "futures-core",
 "futures-executor",
 "futures-io",
 "futures-sink",
 "futures-task",
 "futures-util",
]

[[package]]
name = "futures-channel"
version = "0.3.14"
source = "registry+https://github.com/rust-lang/crates.io-index"
checksum = "ce79c6a52a299137a6013061e0cf0e688fce5d7f1bc60125f520912fdb29ec25"
dependencies = [
 "futures-core",
 "futures-sink",
]

[[package]]
name = "futures-core"
version = "0.3.14"
source = "registry+https://github.com/rust-lang/crates.io-index"
checksum = "098cd1c6dda6ca01650f1a37a794245eb73181d0d4d4e955e2f3c37db7af1815"

[[package]]
name = "futures-executor"
version = "0.3.14"
source = "registry+https://github.com/rust-lang/crates.io-index"
checksum = "10f6cb7042eda00f0049b1d2080aa4b93442997ee507eb3828e8bd7577f94c9d"
dependencies = [
 "futures-core",
 "futures-task",
 "futures-util",
]

[[package]]
name = "futures-io"
version = "0.3.14"
source = "registry+https://github.com/rust-lang/crates.io-index"
checksum = "365a1a1fb30ea1c03a830fdb2158f5236833ac81fa0ad12fe35b29cddc35cb04"

[[package]]
name = "futures-macro"
version = "0.3.14"
source = "registry+https://github.com/rust-lang/crates.io-index"
checksum = "668c6733a182cd7deb4f1de7ba3bf2120823835b3bcfbeacf7d2c4a773c1bb8b"
dependencies = [
 "proc-macro-hack",
 "proc-macro2 1.0.26",
 "quote 1.0.9",
 "syn 1.0.71",
]

[[package]]
name = "futures-sink"
version = "0.3.14"
source = "registry+https://github.com/rust-lang/crates.io-index"
checksum = "5c5629433c555de3d82861a7a4e3794a4c40040390907cfbfd7143a92a426c23"

[[package]]
name = "futures-task"
version = "0.3.14"
source = "registry+https://github.com/rust-lang/crates.io-index"
checksum = "ba7aa51095076f3ba6d9a1f702f74bd05ec65f555d70d2033d55ba8d69f581bc"

[[package]]
name = "futures-util"
version = "0.3.14"
source = "registry+https://github.com/rust-lang/crates.io-index"
checksum = "3c144ad54d60f23927f0a6b6d816e4271278b64f005ad65e4e35291d2de9c025"
dependencies = [
 "futures-channel",
 "futures-core",
 "futures-io",
 "futures-macro",
 "futures-sink",
 "futures-task",
 "memchr",
 "pin-project-lite 0.2.6",
 "pin-utils",
 "proc-macro-hack",
 "proc-macro-nested",
 "slab",
]

[[package]]
name = "getrandom"
version = "0.1.16"
source = "registry+https://github.com/rust-lang/crates.io-index"
checksum = "8fc3cb4d91f53b50155bdcfd23f6a4c39ae1969c2ae85982b135750cccaf5fce"
dependencies = [
 "cfg-if 1.0.0",
 "libc",
 "wasi 0.9.0+wasi-snapshot-preview1",
]

[[package]]
name = "getrandom"
version = "0.2.2"
source = "registry+https://github.com/rust-lang/crates.io-index"
checksum = "c9495705279e7140bf035dde1f6e750c162df8b625267cd52cc44e0b156732c8"
dependencies = [
 "cfg-if 1.0.0",
 "libc",
 "wasi 0.10.2+wasi-snapshot-preview1",
]

[[package]]
name = "gimli"
version = "0.23.0"
source = "registry+https://github.com/rust-lang/crates.io-index"
checksum = "f6503fe142514ca4799d4c26297c4248239fe8838d827db6bd6065c6ed29a6ce"

[[package]]
name = "globset"
version = "0.4.6"
source = "registry+https://github.com/rust-lang/crates.io-index"
checksum = "c152169ef1e421390738366d2f796655fec62621dabbd0fd476f905934061e4a"
dependencies = [
 "aho-corasick",
 "bstr",
 "fnv",
 "log",
 "regex",
]

[[package]]
name = "heck"
version = "0.3.2"
source = "registry+https://github.com/rust-lang/crates.io-index"
checksum = "87cbf45460356b7deeb5e3415b5563308c0a9b057c85e12b06ad551f98d0a6ac"
dependencies = [
 "unicode-segmentation",
]

[[package]]
name = "hermit-abi"
version = "0.1.18"
source = "registry+https://github.com/rust-lang/crates.io-index"
checksum = "322f4de77956e22ed0e5032c359a0f1273f1f7f0d79bfa3b8ffbc730d7fbcc5c"
dependencies = [
 "libc",
]

[[package]]
name = "ident_case"
version = "1.0.1"
source = "registry+https://github.com/rust-lang/crates.io-index"
checksum = "b9e0384b61958566e926dc50660321d12159025e767c18e043daf26b70104c39"

[[package]]
name = "instant"
version = "0.1.9"
source = "registry+https://github.com/rust-lang/crates.io-index"
checksum = "61124eeebbd69b8190558df225adf7e4caafce0d743919e5d6b19652314ec5ec"
dependencies = [
 "cfg-if 1.0.0",
]

[[package]]
name = "iovec"
version = "0.1.4"
source = "registry+https://github.com/rust-lang/crates.io-index"
checksum = "b2b3ea6ff95e175473f8ffe6a7eb7c00d054240321b84c57051175fe3c1e075e"
dependencies = [
 "libc",
]

[[package]]
name = "itoa"
version = "0.4.7"
source = "registry+https://github.com/rust-lang/crates.io-index"
checksum = "dd25036021b0de88a0aff6b850051563c6516d0bf53f8638938edbb9de732736"

[[package]]
name = "json_rpc"
version = "0.2.0"
source = "registry+https://github.com/rust-lang/crates.io-index"
checksum = "eab87254f4b903ea34814968d436c2b88f334e2ecfcee66e054b06d2a869b53b"
dependencies = [
 "asynchronous",
 "rustc-serialize",
]

[[package]]
name = "jsonrpc"
version = "0.12.0"
source = "registry+https://github.com/rust-lang/crates.io-index"
checksum = "ad24d69a8a0698db8ffb9048e937e8ae3ee3bc45772a5d7b6979b1d2d5b6a9f7"
dependencies = [
 "base64-compat",
 "serde",
 "serde_derive",
 "serde_json",
]

[[package]]
name = "jsonrpc-core"
version = "17.0.0"
source = "registry+https://github.com/rust-lang/crates.io-index"
checksum = "07569945133257ff557eb37b015497104cea61a2c9edaf126c1cbd6e8332397f"
dependencies = [
 "futures",
 "log",
 "serde",
 "serde_derive",
 "serde_json",
]

[[package]]
name = "jsonrpc-ipc-server"
version = "17.0.1"
source = "registry+https://github.com/rust-lang/crates.io-index"
checksum = "14c4cd89e5ea7e7f0884e828fc35bb83591a371b92439675eae28efa66c24a97"
dependencies = [
 "futures",
 "jsonrpc-core",
 "jsonrpc-server-utils",
 "log",
 "parity-tokio-ipc",
 "parking_lot",
 "tower-service",
]

[[package]]
name = "jsonrpc-server-utils"
version = "17.0.0"
source = "registry+https://github.com/rust-lang/crates.io-index"
checksum = "f4207cce738bf713a82525065b750a008f28351324f438f56b33d698ada95bb4"
dependencies = [
 "bytes",
 "futures",
 "globset",
 "jsonrpc-core",
 "lazy_static",
 "log",
 "tokio",
 "tokio-util",
 "unicase",
]

[[package]]
name = "jsonrpc-tcp-server"
version = "17.0.0"
source = "registry+https://github.com/rust-lang/crates.io-index"
checksum = "c6490005f0801d81ead698e2f6896df484ac40d2c4a68eb2968bcab38a4860c2"
dependencies = [
 "jsonrpc-core",
 "jsonrpc-server-utils",
 "log",
 "parking_lot",
 "tower-service",
]

[[package]]
name = "kernel32-sys"
version = "0.2.2"
source = "registry+https://github.com/rust-lang/crates.io-index"
checksum = "7507624b29483431c0ba2d82aece8ca6cdba9382bff4ddd0f7490560c056098d"
dependencies = [
 "winapi 0.2.8",
 "winapi-build",
]

[[package]]
name = "lazy_static"
version = "1.4.0"
source = "registry+https://github.com/rust-lang/crates.io-index"
checksum = "e2abad23fbc42b3700f2f279844dc832adb2b2eb069b2df918f455c4e18cc646"

[[package]]
name = "libc"
version = "0.2.94"
source = "registry+https://github.com/rust-lang/crates.io-index"
checksum = "18794a8ad5b29321f790b55d93dfba91e125cb1a9edbd4f8e3150acc771c1a5e"

[[package]]
name = "libdbus-sys"
version = "0.2.1"
source = "registry+https://github.com/rust-lang/crates.io-index"
checksum = "dc12a3bc971424edbbf7edaf6e5740483444db63aa8e23d3751ff12a30f306f0"
dependencies = [
 "pkg-config",
]

[[package]]
name = "libsqlite3-sys"
version = "0.20.1"
source = "registry+https://github.com/rust-lang/crates.io-index"
checksum = "64d31059f22935e6c31830db5249ba2b7ecd54fd73a9909286f0a67aa55c2fbd"
dependencies = [
 "pkg-config",
 "vcpkg",
]

[[package]]
name = "lock_api"
version = "0.4.4"
source = "registry+https://github.com/rust-lang/crates.io-index"
checksum = "0382880606dff6d15c9476c416d18690b72742aa7b605bb6dd6ec9030fbf07eb"
dependencies = [
 "scopeguard",
]

[[package]]
name = "log"
version = "0.4.14"
source = "registry+https://github.com/rust-lang/crates.io-index"
checksum = "51b9bbe6c47d51fc3e1a9b945965946b4c44142ab8792c50835a980d362c2710"
dependencies = [
 "cfg-if 1.0.0",
]

[[package]]
name = "memchr"
version = "2.4.0"
source = "registry+https://github.com/rust-lang/crates.io-index"
checksum = "b16bd47d9e329435e309c58469fe0791c2d0d1ba96ec0954152a5ae2b04387dc"

[[package]]
name = "miniz_oxide"
version = "0.4.4"
source = "registry+https://github.com/rust-lang/crates.io-index"
checksum = "a92518e98c078586bc6c934028adcca4c92a53d6a958196de835170a01d84e4b"
dependencies = [
 "adler",
 "autocfg",
]

[[package]]
name = "mio"
version = "0.6.23"
source = "registry+https://github.com/rust-lang/crates.io-index"
checksum = "4afd66f5b91bf2a3bc13fad0e21caedac168ca4c707504e75585648ae80e4cc4"
dependencies = [
 "cfg-if 0.1.10",
 "fuchsia-zircon",
 "fuchsia-zircon-sys",
 "iovec",
 "kernel32-sys",
 "libc",
 "log",
 "miow 0.2.2",
 "net2",
 "slab",
 "winapi 0.2.8",
]

[[package]]
name = "mio-named-pipes"
version = "0.1.7"
source = "registry+https://github.com/rust-lang/crates.io-index"
checksum = "0840c1c50fd55e521b247f949c241c9997709f23bd7f023b9762cd561e935656"
dependencies = [
 "log",
 "mio",
 "miow 0.3.7",
 "winapi 0.3.9",
]

[[package]]
name = "mio-uds"
version = "0.6.8"
source = "registry+https://github.com/rust-lang/crates.io-index"
checksum = "afcb699eb26d4332647cc848492bbc15eafb26f08d0304550d5aa1f612e066f0"
dependencies = [
 "iovec",
 "libc",
 "mio",
]

[[package]]
name = "miow"
version = "0.2.2"
source = "registry+https://github.com/rust-lang/crates.io-index"
checksum = "ebd808424166322d4a38da87083bfddd3ac4c131334ed55856112eb06d46944d"
dependencies = [
 "kernel32-sys",
 "net2",
 "winapi 0.2.8",
 "ws2_32-sys",
]

[[package]]
name = "miow"
version = "0.3.7"
source = "registry+https://github.com/rust-lang/crates.io-index"
checksum = "b9f1c5b025cda876f66ef43a113f91ebc9f4ccef34843000e0adf6ebbab84e21"
dependencies = [
 "winapi 0.3.9",
]

[[package]]
name = "mpd"
version = "0.0.12"
source = "registry+https://github.com/rust-lang/crates.io-index"
checksum = "57a20784da57fa01bf7910a5da686d9f39ff37feaa774856b71f050e4331bf82"
dependencies = [
 "bufstream",
 "rustc-serialize",
 "time 0.1.43",
]

[[package]]
name = "mpris"
version = "1.1.2"
source = "registry+https://github.com/rust-lang/crates.io-index"
checksum = "818520e449f43cd196bc4fdbd163d4f437f36481c2d4573dca4614bb89e4aef3"
dependencies = [
 "dbus",
 "derive_is_enum_variant",
 "enum-kinds",
 "failure",
 "failure_derive",
 "from_variants",
]

[[package]]
name = "net2"
version = "0.2.37"
source = "registry+https://github.com/rust-lang/crates.io-index"
checksum = "391630d12b68002ae1e25e8f974306474966550ad82dac6886fb8910c19568ae"
dependencies = [
 "cfg-if 0.1.10",
 "libc",
 "winapi 0.3.9",
]

[[package]]
name = "num-integer"
version = "0.1.44"
source = "registry+https://github.com/rust-lang/crates.io-index"
checksum = "d2cc698a63b549a70bc047073d2949cce27cd1c7b0a4a862d08a8031bc2801db"
dependencies = [
 "autocfg",
 "num-traits",
]

[[package]]
name = "num-traits"
version = "0.2.14"
source = "registry+https://github.com/rust-lang/crates.io-index"
checksum = "9a64b1ec5cda2586e284722486d802acf1f7dbdc623e2bfc57e65ca1cd099290"
dependencies = [
 "autocfg",
]

[[package]]
name = "num_cpus"
version = "0.2.13"
source = "registry+https://github.com/rust-lang/crates.io-index"
checksum = "cee7e88156f3f9e19bdd598f8d6c9db7bf4078f99f8381f43a55b09648d1a6e3"
dependencies = [
 "libc",
]

[[package]]
name = "num_cpus"
version = "1.13.0"
source = "registry+https://github.com/rust-lang/crates.io-index"
checksum = "05499f3756671c15885fee9034446956fff3f243d6077b91e5767df161f766b3"
dependencies = [
 "hermit-abi",
 "libc",
]

[[package]]
name = "object"
version = "0.23.0"
source = "registry+https://github.com/rust-lang/crates.io-index"
checksum = "a9a7ab5d64814df0fe4a4b5ead45ed6c5f181ee3ff04ba344313a6c80446c5d4"

[[package]]
name = "once_cell"
version = "1.7.2"
source = "registry+https://github.com/rust-lang/crates.io-index"
checksum = "af8b08b04175473088b46763e51ee54da5f9a164bc162f615b91bc179dbf15a3"

[[package]]
name = "parity-tokio-ipc"
version = "0.8.0"
source = "registry+https://github.com/rust-lang/crates.io-index"
checksum = "fd7f6c69d7687501b2205fe51ade1d7b8797bb3aa141fe5bf13dd78c0483bc89"
dependencies = [
 "futures",
 "libc",
 "log",
 "mio-named-pipes",
 "miow 0.3.7",
 "rand",
 "tokio",
 "winapi 0.3.9",
]

[[package]]
name = "parking_lot"
version = "0.11.1"
source = "registry+https://github.com/rust-lang/crates.io-index"
checksum = "6d7744ac029df22dca6284efe4e898991d28e3085c706c972bcd7da4a27a15eb"
dependencies = [
 "instant",
 "lock_api",
 "parking_lot_core",
]

[[package]]
name = "parking_lot_core"
version = "0.8.3"
source = "registry+https://github.com/rust-lang/crates.io-index"
checksum = "fa7a782938e745763fe6907fc6ba86946d72f49fe7e21de074e08128a99fb018"
dependencies = [
 "cfg-if 1.0.0",
 "instant",
 "libc",
 "redox_syscall 0.2.7",
 "smallvec",
 "winapi 0.3.9",
]

[[package]]
name = "pin-project-lite"
version = "0.1.12"
source = "registry+https://github.com/rust-lang/crates.io-index"
checksum = "257b64915a082f7811703966789728173279bdebb956b143dbcd23f6f970a777"

[[package]]
name = "pin-project-lite"
version = "0.2.6"
source = "registry+https://github.com/rust-lang/crates.io-index"
checksum = "dc0e1f259c92177c30a4c9d177246edd0a3568b25756a977d0632cf8fa37e905"

[[package]]
name = "pin-utils"
version = "0.1.0"
source = "registry+https://github.com/rust-lang/crates.io-index"
checksum = "8b870d8c151b6f2fb93e84a13146138f05d02ed11c7e7c54f8826aaaf7c9f184"

[[package]]
name = "pkg-config"
version = "0.3.19"
source = "registry+https://github.com/rust-lang/crates.io-index"
checksum = "3831453b3449ceb48b6d9c7ad7c96d5ea673e9b470a1dc578c2ce6521230884c"

[[package]]
name = "ppv-lite86"
version = "0.2.10"
source = "registry+https://github.com/rust-lang/crates.io-index"
checksum = "ac74c624d6b2d21f425f752262f42188365d7b8ff1aff74c82e45136510a4857"

[[package]]
name = "proc-macro-hack"
version = "0.5.19"
source = "registry+https://github.com/rust-lang/crates.io-index"
checksum = "dbf0c48bc1d91375ae5c3cd81e3722dff1abcf81a30960240640d223f59fe0e5"

[[package]]
name = "proc-macro-nested"
version = "0.1.7"
source = "registry+https://github.com/rust-lang/crates.io-index"
checksum = "bc881b2c22681370c6a780e47af9840ef841837bc98118431d4e1868bd0c1086"

[[package]]
name = "proc-macro2"
version = "0.2.3"
source = "registry+https://github.com/rust-lang/crates.io-index"
checksum = "cd07deb3c6d1d9ff827999c7f9b04cdfd66b1b17ae508e14fe47b620f2282ae0"
dependencies = [
 "unicode-xid 0.1.0",
]

[[package]]
name = "proc-macro2"
version = "0.3.8"
source = "registry+https://github.com/rust-lang/crates.io-index"
checksum = "1b06e2f335f48d24442b35a19df506a835fb3547bc3c06ef27340da9acf5cae7"
dependencies = [
 "unicode-xid 0.1.0",
]

[[package]]
name = "proc-macro2"
version = "1.0.26"
source = "registry+https://github.com/rust-lang/crates.io-index"
checksum = "a152013215dca273577e18d2bf00fa862b89b24169fb78c4c95aeb07992c9cec"
dependencies = [
 "unicode-xid 0.2.2",
]

[[package]]
name = "quote"
version = "0.3.15"
source = "registry+https://github.com/rust-lang/crates.io-index"
checksum = "7a6e920b65c65f10b2ae65c831a81a073a89edd28c7cce89475bff467ab4167a"

[[package]]
name = "quote"
version = "0.4.2"
source = "registry+https://github.com/rust-lang/crates.io-index"
checksum = "1eca14c727ad12702eb4b6bfb5a232287dcf8385cb8ca83a3eeaf6519c44c408"
dependencies = [
 "proc-macro2 0.2.3",
]

[[package]]
name = "quote"
version = "0.5.2"
source = "registry+https://github.com/rust-lang/crates.io-index"
checksum = "9949cfe66888ffe1d53e6ec9d9f3b70714083854be20fd5e271b232a017401e8"
dependencies = [
 "proc-macro2 0.3.8",
]

[[package]]
name = "quote"
version = "1.0.9"
source = "registry+https://github.com/rust-lang/crates.io-index"
checksum = "c3d0b9745dc2debf507c8422de05d7226cc1f0644216dfdfead988f9b1ab32a7"
dependencies = [
 "proc-macro2 1.0.26",
]

[[package]]
name = "rand"
version = "0.7.3"
source = "registry+https://github.com/rust-lang/crates.io-index"
checksum = "6a6b1679d49b24bbfe0c803429aa1874472f50d9b363131f0e89fc356b544d03"
dependencies = [
 "getrandom 0.1.16",
 "libc",
 "rand_chacha",
 "rand_core",
 "rand_hc",
]

[[package]]
name = "rand_chacha"
version = "0.2.2"
source = "registry+https://github.com/rust-lang/crates.io-index"
checksum = "f4c8ed856279c9737206bf725bf36935d8666ead7aa69b52be55af369d193402"
dependencies = [
 "ppv-lite86",
 "rand_core",
]

[[package]]
name = "rand_core"
version = "0.5.1"
source = "registry+https://github.com/rust-lang/crates.io-index"
checksum = "90bde5296fc891b0cef12a6d03ddccc162ce7b2aff54160af9338f8d40df6d19"
dependencies = [
 "getrandom 0.1.16",
]

[[package]]
name = "rand_hc"
version = "0.2.0"
source = "registry+https://github.com/rust-lang/crates.io-index"
checksum = "ca3129af7b92a17112d59ad498c6f81eaf463253766b90396d39ea7a39d6613c"
dependencies = [
 "rand_core",
]

[[package]]
name = "redox_syscall"
version = "0.1.57"
source = "registry+https://github.com/rust-lang/crates.io-index"
checksum = "41cc0f7e4d5d4544e8861606a285bb08d3e70712ccc7d2b84d7c0ccfaf4b05ce"

[[package]]
name = "redox_syscall"
version = "0.2.7"
source = "registry+https://github.com/rust-lang/crates.io-index"
checksum = "85dd92e586f7355c633911e11f77f3d12f04b1b1bd76a198bd34ae3af8341ef2"
dependencies = [
 "bitflags",
]

[[package]]
name = "redox_users"
version = "0.3.5"
source = "registry+https://github.com/rust-lang/crates.io-index"
checksum = "de0737333e7a9502c789a36d7c7fa6092a49895d4faa31ca5df163857ded2e9d"
dependencies = [
 "getrandom 0.1.16",
 "redox_syscall 0.1.57",
 "rust-argon2",
]

[[package]]
name = "redox_users"
version = "0.4.0"
source = "registry+https://github.com/rust-lang/crates.io-index"
checksum = "528532f3d801c87aec9def2add9ca802fe569e44a544afe633765267840abe64"
dependencies = [
 "getrandom 0.2.2",
 "redox_syscall 0.2.7",
]

[[package]]
name = "regex"
version = "1.5.3"
source = "registry+https://github.com/rust-lang/crates.io-index"
checksum = "ce5f1ceb7f74abbce32601642fcf8e8508a8a8991e0621c7d750295b9095702b"
dependencies = [
 "aho-corasick",
 "memchr",
 "regex-syntax",
]

[[package]]
name = "regex-syntax"
version = "0.6.25"
source = "registry+https://github.com/rust-lang/crates.io-index"
checksum = "f497285884f3fcff424ffc933e56d7cbca511def0c9831a7f9b5f6153e3cc89b"

[[package]]
name = "rust-argon2"
version = "0.8.3"
source = "registry+https://github.com/rust-lang/crates.io-index"
checksum = "4b18820d944b33caa75a71378964ac46f58517c92b6ae5f762636247c09e78fb"
dependencies = [
 "base64",
 "blake2b_simd",
 "constant_time_eq",
 "crossbeam-utils",
]

[[package]]
name = "rustc-demangle"
version = "0.1.18"
source = "registry+https://github.com/rust-lang/crates.io-index"
checksum = "6e3bad0ee36814ca07d7968269dd4b7ec89ec2da10c4bb613928d3077083c232"

[[package]]
name = "rustc-serialize"
version = "0.3.24"
source = "registry+https://github.com/rust-lang/crates.io-index"
checksum = "dcf128d1287d2ea9d80910b5f1120d0b8eede3fbf1abe91c40d39ea7d51e6fda"

[[package]]
name = "rustc_version"
version = "0.2.3"
source = "registry+https://github.com/rust-lang/crates.io-index"
checksum = "138e3e0acb6c9fb258b19b67cb8abd63c00679d2851805ea151465464fe9030a"
dependencies = [
 "semver",
]

[[package]]
name = "rustversion"
version = "1.0.4"
source = "registry+https://github.com/rust-lang/crates.io-index"
checksum = "cb5d2a036dc6d2d8fd16fde3498b04306e29bd193bf306a57427019b823d5acd"

[[package]]
name = "ryu"
version = "1.0.5"
source = "registry+https://github.com/rust-lang/crates.io-index"
checksum = "71d301d4193d031abdd79ff7e3dd721168a9572ef3fe51a1517aba235bd8f86e"

[[package]]
name = "scopeguard"
version = "1.1.0"
source = "registry+https://github.com/rust-lang/crates.io-index"
checksum = "d29ab0c6d3fc0ee92fe66e2d99f700eab17a8d57d1c1d3b748380fb20baa78cd"

[[package]]
name = "scrobblers"
version = "0.1.0"
dependencies = [
 "clap",
 "scrobblers_db",
 "scrobblers_rpc",
 "scrobblers_sources",
 "scrobblers_targets",
 "scrobblers_utils",
 "slog",
]

[[package]]
name = "scrobblers-controllers-cli"
version = "0.1.0"
dependencies = [
 "clap",
 "json_rpc",
 "scrobblers_utils",
 "serde",
 "serde_json",
 "slog",
]

[[package]]
name = "scrobblers_db"
version = "0.1.0"
dependencies = [
 "clippy",
 "diesel",
 "dotenv",
 "slog",
 "slog-async",
 "slog-scope",
 "slog-term",
 "time 0.2.26",
]

[[package]]
name = "scrobblers_rpc"
version = "0.1.0"
dependencies = [
 "clippy",
 "jsonrpc",
 "jsonrpc-core",
 "jsonrpc-ipc-server",
 "jsonrpc-tcp-server",
 "slog",
 "slog-async",
 "slog-scope",
 "slog-term",
]

[[package]]
name = "scrobblers_sources"
version = "0.1.0"
dependencies = [
 "clippy",
 "mpd",
 "mpris",
 "slog",
 "slog-async",
 "slog-scope",
 "slog-term",
 "time 0.2.26",
]

[[package]]
name = "scrobblers_targets"
version = "0.1.0"
dependencies = [
 "clippy",
 "slog",
 "slog-async",
 "slog-scope",
 "slog-term",
]

[[package]]
name = "scrobblers_utils"
version = "0.1.0"
dependencies = [
 "slog",
 "slog-async",
 "slog-term",
 "uuid",
]

[[package]]
name = "semver"
version = "0.9.0"
source = "registry+https://github.com/rust-lang/crates.io-index"
checksum = "1d7eb9ef2c18661902cc47e535f9bc51b78acd254da71d375c2f6720d9a40403"
dependencies = [
 "semver-parser",
]

[[package]]
name = "semver-parser"
version = "0.7.0"
source = "registry+https://github.com/rust-lang/crates.io-index"
checksum = "388a1df253eca08550bef6c72392cfe7c30914bf41df5269b68cbd6ff8f570a3"

[[package]]
name = "serde"
version = "1.0.125"
source = "registry+https://github.com/rust-lang/crates.io-index"
checksum = "558dc50e1a5a5fa7112ca2ce4effcb321b0300c0d4ccf0776a9f60cd89031171"

[[package]]
name = "serde_derive"
version = "1.0.125"
source = "registry+https://github.com/rust-lang/crates.io-index"
checksum = "b093b7a2bb58203b5da3056c05b4ec1fed827dcfdb37347a8841695263b3d06d"
dependencies = [
 "proc-macro2 1.0.26",
 "quote 1.0.9",
 "syn 1.0.71",
]

[[package]]
name = "serde_json"
version = "1.0.64"
source = "registry+https://github.com/rust-lang/crates.io-index"
checksum = "799e97dc9fdae36a5c8b8f2cae9ce2ee9fdce2058c57a93e6099d919fd982f79"
dependencies = [
 "itoa",
 "ryu",
 "serde",
]

[[package]]
name = "sha1"
version = "0.6.0"
source = "registry+https://github.com/rust-lang/crates.io-index"
checksum = "2579985fda508104f7587689507983eadd6a6e84dd35d6d115361f530916fa0d"

[[package]]
name = "slab"
version = "0.4.3"
source = "registry+https://github.com/rust-lang/crates.io-index"
checksum = "f173ac3d1a7e3b28003f40de0b5ce7fe2710f9b9dc3fc38664cebee46b3b6527"

[[package]]
name = "slog"
version = "2.7.0"
source = "registry+https://github.com/rust-lang/crates.io-index"
checksum = "8347046d4ebd943127157b94d63abb990fcf729dc4e9978927fdf4ac3c998d06"

[[package]]
name = "slog-async"
version = "2.6.0"
source = "registry+https://github.com/rust-lang/crates.io-index"
checksum = "c60813879f820c85dbc4eabf3269befe374591289019775898d56a81a804fbdc"
dependencies = [
 "crossbeam-channel",
 "slog",
 "take_mut",
 "thread_local",
]

[[package]]
name = "slog-scope"
version = "4.4.0"
source = "registry+https://github.com/rust-lang/crates.io-index"
checksum = "2f95a4b4c3274cd2869549da82b57ccc930859bdbf5bcea0424bc5f140b3c786"
dependencies = [
 "arc-swap",
 "lazy_static",
 "slog",
]

[[package]]
name = "slog-term"
version = "2.8.0"
source = "registry+https://github.com/rust-lang/crates.io-index"
checksum = "95c1e7e5aab61ced6006149ea772770b84a0d16ce0f7885def313e4829946d76"
dependencies = [
 "atty",
 "chrono",
 "slog",
 "term 0.7.0",
 "thread_local",
]

[[package]]
name = "smallvec"
version = "1.6.1"
source = "registry+https://github.com/rust-lang/crates.io-index"
checksum = "fe0f37c9e8f3c5a4a66ad655a93c74daac4ad00c441533bf5c6e7990bb42604e"

[[package]]
name = "standback"
version = "0.2.17"
source = "registry+https://github.com/rust-lang/crates.io-index"
checksum = "e113fb6f3de07a243d434a56ec6f186dfd51cb08448239fe7bcae73f87ff28ff"
dependencies = [
 "version_check",
]

[[package]]
name = "stdweb"
version = "0.4.20"
source = "registry+https://github.com/rust-lang/crates.io-index"
checksum = "d022496b16281348b52d0e30ae99e01a73d737b2f45d38fed4edf79f9325a1d5"
dependencies = [
 "discard",
 "rustc_version",
 "stdweb-derive",
 "stdweb-internal-macros",
 "stdweb-internal-runtime",
 "wasm-bindgen",
]

[[package]]
name = "stdweb-derive"
version = "0.5.3"
source = "registry+https://github.com/rust-lang/crates.io-index"
checksum = "c87a60a40fccc84bef0652345bbbbbe20a605bf5d0ce81719fc476f5c03b50ef"
dependencies = [
 "proc-macro2 1.0.26",
 "quote 1.0.9",
 "serde",
 "serde_derive",
 "syn 1.0.71",
]

[[package]]
name = "stdweb-internal-macros"
version = "0.2.9"
source = "registry+https://github.com/rust-lang/crates.io-index"
checksum = "58fa5ff6ad0d98d1ffa8cb115892b6e69d67799f6763e162a1c9db421dc22e11"
dependencies = [
 "base-x",
 "proc-macro2 1.0.26",
 "quote 1.0.9",
 "serde",
 "serde_derive",
 "serde_json",
 "sha1",
 "syn 1.0.71",
]

[[package]]
name = "stdweb-internal-runtime"
version = "0.1.5"
source = "registry+https://github.com/rust-lang/crates.io-index"
checksum = "213701ba3370744dcd1a12960caa4843b3d68b4d1c0a5d575e0d65b2ee9d16c0"

[[package]]
name = "strsim"
version = "0.8.0"
source = "registry+https://github.com/rust-lang/crates.io-index"
checksum = "8ea5119cdb4c55b55d432abb513a0429384878c15dde60cc77b1c99de1a95a6a"

[[package]]
name = "syn"
version = "0.11.11"
source = "registry+https://github.com/rust-lang/crates.io-index"
checksum = "d3b891b9015c88c576343b9b3e41c2c11a51c219ef067b264bd9c8aa9b441dad"
dependencies = [
 "quote 0.3.15",
 "synom",
 "unicode-xid 0.0.4",
]

[[package]]
name = "syn"
version = "0.12.15"
source = "registry+https://github.com/rust-lang/crates.io-index"
checksum = "c97c05b8ebc34ddd6b967994d5c6e9852fa92f8b82b3858c39451f97346dcce5"
dependencies = [
 "proc-macro2 0.2.3",
 "quote 0.4.2",
 "unicode-xid 0.1.0",
]

[[package]]
name = "syn"
version = "0.13.11"
source = "registry+https://github.com/rust-lang/crates.io-index"
checksum = "14f9bf6292f3a61d2c716723fdb789a41bbe104168e6f496dc6497e531ea1b9b"
dependencies = [
 "proc-macro2 0.3.8",
 "quote 0.5.2",
 "unicode-xid 0.1.0",
]

[[package]]
name = "syn"
version = "1.0.71"
source = "registry+https://github.com/rust-lang/crates.io-index"
checksum = "ad184cc9470f9117b2ac6817bfe297307418819ba40552f9b3846f05c33d5373"
dependencies = [
 "proc-macro2 1.0.26",
 "quote 1.0.9",
 "unicode-xid 0.2.2",
]

[[package]]
name = "synom"
version = "0.11.3"
source = "registry+https://github.com/rust-lang/crates.io-index"
checksum = "a393066ed9010ebaed60b9eafa373d4b1baac186dd7e008555b0f702b51945b6"
dependencies = [
 "unicode-xid 0.0.4",
]

[[package]]
name = "synstructure"
version = "0.12.4"
source = "registry+https://github.com/rust-lang/crates.io-index"
checksum = "b834f2d66f734cb897113e34aaff2f1ab4719ca946f9a7358dba8f8064148701"
dependencies = [
 "proc-macro2 1.0.26",
 "quote 1.0.9",
 "syn 1.0.71",
 "unicode-xid 0.2.2",
]

[[package]]
name = "take_mut"
version = "0.2.2"
source = "registry+https://github.com/rust-lang/crates.io-index"
checksum = "f764005d11ee5f36500a149ace24e00e3da98b0158b3e2d53a7495660d3f4d60"

[[package]]
name = "term"
version = "0.5.2"
source = "registry+https://github.com/rust-lang/crates.io-index"
checksum = "edd106a334b7657c10b7c540a0106114feadeb4dc314513e97df481d5d966f42"
dependencies = [
 "byteorder",
 "dirs",
 "winapi 0.3.9",
]

[[package]]
name = "term"
version = "0.7.0"
source = "registry+https://github.com/rust-lang/crates.io-index"
checksum = "c59df8ac95d96ff9bede18eb7300b0fda5e5d8d90960e76f8e14ae765eedbf1f"
dependencies = [
 "dirs-next",
 "rustversion",
 "winapi 0.3.9",
]

[[package]]
name = "term_size"
version = "0.3.2"
source = "registry+https://github.com/rust-lang/crates.io-index"
checksum = "1e4129646ca0ed8f45d09b929036bafad5377103edd06e50bf574b353d2b08d9"
dependencies = [
 "libc",
 "winapi 0.3.9",
]

[[package]]
name = "textwrap"
version = "0.11.0"
source = "registry+https://github.com/rust-lang/crates.io-index"
checksum = "d326610f408c7a4eb6f51c37c330e496b08506c9457c9d34287ecc38809fb060"
dependencies = [
 "term_size",
 "unicode-width",
]

[[package]]
name = "thread_local"
version = "1.1.3"
source = "registry+https://github.com/rust-lang/crates.io-index"
checksum = "8018d24e04c95ac8790716a5987d0fec4f8b27249ffa0f7d33f1369bdfb88cbd"
dependencies = [
 "once_cell",
]

[[package]]
name = "time"
version = "0.1.43"
source = "registry+https://github.com/rust-lang/crates.io-index"
checksum = "ca8a50ef2360fbd1eeb0ecd46795a87a19024eb4b53c5dc916ca1fd95fe62438"
dependencies = [
 "libc",
 "winapi 0.3.9",
]

[[package]]
name = "time"
version = "0.2.26"
source = "registry+https://github.com/rust-lang/crates.io-index"
checksum = "08a8cbfbf47955132d0202d1662f49b2423ae35862aee471f3ba4b133358f372"
dependencies = [
 "const_fn",
 "libc",
 "standback",
 "stdweb",
 "time-macros",
 "version_check",
 "winapi 0.3.9",
]

[[package]]
name = "time-macros"
version = "0.1.1"
source = "registry+https://github.com/rust-lang/crates.io-index"
checksum = "957e9c6e26f12cb6d0dd7fc776bb67a706312e7299aed74c8dd5b17ebb27e2f1"
dependencies = [
 "proc-macro-hack",
 "time-macros-impl",
]

[[package]]
name = "time-macros-impl"
version = "0.1.1"
source = "registry+https://github.com/rust-lang/crates.io-index"
checksum = "e5c3be1edfad6027c69f5491cf4cb310d1a71ecd6af742788c6ff8bced86b8fa"
dependencies = [
 "proc-macro-hack",
 "proc-macro2 1.0.26",
 "quote 1.0.9",
 "standback",
 "syn 1.0.71",
]

[[package]]
name = "tokio"
version = "0.2.25"
source = "registry+https://github.com/rust-lang/crates.io-index"
checksum = "6703a273949a90131b290be1fe7b039d0fc884aa1935860dfcbe056f28cd8092"
dependencies = [
 "bytes",
 "futures-core",
 "iovec",
 "lazy_static",
 "libc",
 "memchr",
 "mio",
 "mio-uds",
 "num_cpus 1.13.0",
 "pin-project-lite 0.1.12",
 "slab",
 "tokio-macros",
]

[[package]]
name = "tokio-macros"
version = "0.2.6"
source = "registry+https://github.com/rust-lang/crates.io-index"
checksum = "e44da00bfc73a25f814cd8d7e57a68a5c31b74b3152a0a1d1f590c97ed06265a"
dependencies = [
 "proc-macro2 1.0.26",
 "quote 1.0.9",
 "syn 1.0.71",
]

[[package]]
name = "tokio-util"
version = "0.3.1"
source = "registry+https://github.com/rust-lang/crates.io-index"
checksum = "be8242891f2b6cbef26a2d7e8605133c2c554cd35b3e4948ea892d6d68436499"
dependencies = [
 "bytes",
 "futures-core",
 "futures-sink",
 "log",
 "pin-project-lite 0.1.12",
 "tokio",
]

[[package]]
name = "tower-service"
version = "0.3.1"
source = "registry+https://github.com/rust-lang/crates.io-index"
checksum = "360dfd1d6d30e05fda32ace2c8c70e9c0a9da713275777f5a4dbb8a1893930c6"

[[package]]
name = "unicase"
version = "2.6.0"
source = "registry+https://github.com/rust-lang/crates.io-index"
checksum = "50f37be617794602aabbeee0be4f259dc1778fabe05e2d67ee8f79326d5cb4f6"
dependencies = [
 "version_check",
]

[[package]]
name = "unicode-segmentation"
version = "1.7.1"
source = "registry+https://github.com/rust-lang/crates.io-index"
checksum = "bb0d2e7be6ae3a5fa87eed5fb451aff96f2573d2694942e40543ae0bbe19c796"

[[package]]
name = "unicode-width"
version = "0.1.8"
source = "registry+https://github.com/rust-lang/crates.io-index"
checksum = "9337591893a19b88d8d87f2cec1e73fad5cdfd10e5a6f349f498ad6ea2ffb1e3"

[[package]]
name = "unicode-xid"
version = "0.0.4"
source = "registry+https://github.com/rust-lang/crates.io-index"
checksum = "8c1f860d7d29cf02cb2f3f359fd35991af3d30bac52c57d265a3c461074cb4dc"

[[package]]
name = "unicode-xid"
version = "0.1.0"
source = "registry+https://github.com/rust-lang/crates.io-index"
checksum = "fc72304796d0818e357ead4e000d19c9c174ab23dc11093ac919054d20a6a7fc"

[[package]]
name = "unicode-xid"
version = "0.2.2"
source = "registry+https://github.com/rust-lang/crates.io-index"
checksum = "8ccb82d61f80a663efe1f787a51b16b5a51e3314d6ac365b08639f52387b33f3"

[[package]]
name = "uuid"
version = "0.8.2"
source = "registry+https://github.com/rust-lang/crates.io-index"
checksum = "bc5cf98d8186244414c848017f0e2676b3fcb46807f6668a97dfe67359a3c4b7"
dependencies = [
 "getrandom 0.2.2",
 "serde",
]

[[package]]
name = "vcpkg"
version = "0.2.12"
source = "registry+https://github.com/rust-lang/crates.io-index"
checksum = "cbdbff6266a24120518560b5dc983096efb98462e51d0d68169895b237be3e5d"

[[package]]
name = "vec_map"
version = "0.8.2"
source = "registry+https://github.com/rust-lang/crates.io-index"
checksum = "f1bddf1187be692e79c5ffeab891132dfb0f236ed36a43c7ed39f1165ee20191"

[[package]]
name = "version_check"
version = "0.9.3"
source = "registry+https://github.com/rust-lang/crates.io-index"
checksum = "5fecdca9a5291cc2b8dcf7dc02453fee791a280f3743cb0905f8822ae463b3fe"

[[package]]
name = "wasi"
version = "0.9.0+wasi-snapshot-preview1"
source = "registry+https://github.com/rust-lang/crates.io-index"
checksum = "cccddf32554fecc6acb585f82a32a72e28b48f8c4c1883ddfeeeaa96f7d8e519"

[[package]]
name = "wasi"
version = "0.10.2+wasi-snapshot-preview1"
source = "registry+https://github.com/rust-lang/crates.io-index"
checksum = "fd6fbd9a79829dd1ad0cc20627bf1ed606756a7f77edff7b66b7064f9cb327c6"

[[package]]
name = "wasm-bindgen"
version = "0.2.73"
source = "registry+https://github.com/rust-lang/crates.io-index"
checksum = "83240549659d187488f91f33c0f8547cbfef0b2088bc470c116d1d260ef623d9"
dependencies = [
 "cfg-if 1.0.0",
 "wasm-bindgen-macro",
]

[[package]]
name = "wasm-bindgen-backend"
version = "0.2.73"
source = "registry+https://github.com/rust-lang/crates.io-index"
checksum = "ae70622411ca953215ca6d06d3ebeb1e915f0f6613e3b495122878d7ebec7dae"
dependencies = [
 "bumpalo",
 "lazy_static",
 "log",
 "proc-macro2 1.0.26",
 "quote 1.0.9",
 "syn 1.0.71",
 "wasm-bindgen-shared",
]

[[package]]
name = "wasm-bindgen-macro"
version = "0.2.73"
source = "registry+https://github.com/rust-lang/crates.io-index"
checksum = "3e734d91443f177bfdb41969de821e15c516931c3c3db3d318fa1b68975d0f6f"
dependencies = [
 "quote 1.0.9",
 "wasm-bindgen-macro-support",
]

[[package]]
name = "wasm-bindgen-macro-support"
version = "0.2.73"
source = "registry+https://github.com/rust-lang/crates.io-index"
checksum = "d53739ff08c8a68b0fdbcd54c372b8ab800b1449ab3c9d706503bc7dd1621b2c"
dependencies = [
 "proc-macro2 1.0.26",
 "quote 1.0.9",
 "syn 1.0.71",
 "wasm-bindgen-backend",
 "wasm-bindgen-shared",
]

[[package]]
name = "wasm-bindgen-shared"
version = "0.2.73"
source = "registry+https://github.com/rust-lang/crates.io-index"
checksum = "d9a543ae66aa233d14bb765ed9af4a33e81b8b58d1584cf1b47ff8cd0b9e4489"

[[package]]
name = "winapi"
version = "0.2.8"
source = "registry+https://github.com/rust-lang/crates.io-index"
checksum = "167dc9d6949a9b857f3451275e911c3f44255842c1f7a76f33c55103a909087a"

[[package]]
name = "winapi"
version = "0.3.9"
source = "registry+https://github.com/rust-lang/crates.io-index"
checksum = "5c839a674fcd7a98952e593242ea400abe93992746761e38641405d28b00f419"
dependencies = [
 "winapi-i686-pc-windows-gnu",
 "winapi-x86_64-pc-windows-gnu",
]

[[package]]
name = "winapi-build"
version = "0.1.1"
source = "registry+https://github.com/rust-lang/crates.io-index"
checksum = "2d315eee3b34aca4797b2da6b13ed88266e6d612562a0c46390af8299fc699bc"

[[package]]
name = "winapi-i686-pc-windows-gnu"
version = "0.4.0"
source = "registry+https://github.com/rust-lang/crates.io-index"
checksum = "ac3b87c63620426dd9b991e5ce0329eff545bccbbb34f3be09ff6fb6ab51b7b6"

[[package]]
name = "winapi-x86_64-pc-windows-gnu"
version = "0.4.0"
source = "registry+https://github.com/rust-lang/crates.io-index"
checksum = "712e227841d057c1ee1cd2fb22fa7e5a5461ae8e48fa2ca79ec42cfc1931183f"

[[package]]
name = "ws2_32-sys"
version = "0.2.1"
source = "registry+https://github.com/rust-lang/crates.io-index"
checksum = "d59cefebd0c892fa2dd6de581e937301d8552cb44489cdff035c6187cb63fa5e"
dependencies = [
 "winapi 0.2.8",
 "winapi-build",
]
